
Microsoft Visual Studio Solution File, Format Version 12.00
# Visual Studio 2013
VisualStudioVersion = 12.0.31101.0
MinimumVisualStudioVersion = 10.0.40219.1
Project("{FAE04EC0-301F-11D3-BF4B-00C04F79EFBC}") = "WebApi2Book.Common", "WebApi2Book.Common\WebApi2Book.Common.csproj", "{9E589099-F064-47C6-9D14-3A54ADA6C8E6}"
EndProject
Project("{FAE04EC0-301F-11D3-BF4B-00C04F79EFBC}") = "WebApi2Book.Web.Api.Models", "WebApi2Book.Web.Api.Models\WebApi2Book.Web.Api.Models.csproj", "{A8B758B6-6B17-4A88-A403-486DB03A960A}"
EndProject
Project("{E24C65DC-7377-472B-9ABA-BC803B73C61A}") = "WebApi2Book.Web.Legacy.Api", "http://localhost:62965", "{AF7D41E0-B389-471E-B5F4-320B74425FEC}"
	ProjectSection(WebsiteProperties) = preProject
		UseIISExpress = "true"
		TargetFrameworkMoniker = ".NETFramework,Version%3Dv4.5"
		ProjectReferences = "{A8B758B6-6B17-4A88-A403-486DB03A960A}|WebApi2Book.Web.Api.Models.dll;{9E589099-F064-47C6-9D14-3A54ADA6C8E6}|WebApi2Book.Common.dll;"
		Debug.AspNetCompiler.VirtualPath = "/localhost_62965"
		Debug.AspNetCompiler.PhysicalPath = "WebApi2Book.Web.Legacy.Api\"
		Debug.AspNetCompiler.TargetPath = "PrecompiledWeb\localhost_62965\"
		Debug.AspNetCompiler.Updateable = "true"
		Debug.AspNetCompiler.ForceOverwrite = "true"
		Debug.AspNetCompiler.FixedNames = "false"
		Debug.AspNetCompiler.Debug = "True"
		Release.AspNetCompiler.VirtualPath = "/localhost_62965"
		Release.AspNetCompiler.PhysicalPath = "WebApi2Book.Web.Legacy.Api\"
		Release.AspNetCompiler.TargetPath = "PrecompiledWeb\localhost_62965\"
		Release.AspNetCompiler.Updateable = "true"
		Release.AspNetCompiler.ForceOverwrite = "true"
		Release.AspNetCompiler.FixedNames = "false"
		Release.AspNetCompiler.Debug = "False"
		SlnRelativePath = "WebApi2Book.Web.Legacy.Api\"
		DefaultWebSiteLanguage = "Visual C#"
	EndProjectSection
EndProject
Project("{FAE04EC0-301F-11D3-BF4B-00C04F79EFBC}") = "WebApi2Book.Windows.Legacy.Client", "WebApi2Book.Windows.Legacy.Client\WebApi2Book.Windows.Legacy.Client.csproj", "{A72FA555-4430-4D54-9F72-84F6F225B911}"
	ProjectSection(ProjectDependencies) = postProject
		{AF7D41E0-B389-471E-B5F4-320B74425FEC} = {AF7D41E0-B389-471E-B5F4-320B74425FEC}
	EndProjectSection
EndProject
Project("{FAE04EC0-301F-11D3-BF4B-00C04F79EFBC}") = "WebApi2Book.Web.Api", "WebApi2Book.Web.Api\WebApi2Book.Web.Api.csproj", "{D90661C7-C0E2-40F5-A917-07483FB8C2E8}"
EndProject
Project("{FAE04EC0-301F-11D3-BF4B-00C04F79EFBC}") = "WebApi2Book.Web.Common", "WebApi2Book.Web.Common\WebApi2Book.Web.Common.csproj", "{68B43267-0F87-49A6-9050-509F66A4E138}"
EndProject
Project("{FAE04EC0-301F-11D3-BF4B-00C04F79EFBC}") = "WebApi2Book.Data", "WebApi2Book.Data\WebApi2Book.Data.csproj", "{B4F56983-5B1C-42C7-B872-AE3A5545C02D}"
EndProject
Project("{FAE04EC0-301F-11D3-BF4B-00C04F79EFBC}") = "WebApi2Book.Data.SqlServer", "WebApi2Book.Data.SqlServer\WebApi2Book.Data.SqlServer.csproj", "{36CAC611-2F82-456D-923D-EF959AEB5BBA}"
EndProject
Project("{FAE04EC0-301F-11D3-BF4B-00C04F79EFBC}") = "WebApi2Book.Common.Tests", "WebApi2Book.Common.Tests\WebApi2Book.Common.Tests.csproj", "{B772FEE1-DA0F-4B31-9C12-E84FA6A235C4}"
EndProject
Project("{00D1A9C2-B5F0-4AF3-8072-F6C62B433612}") = "WebApi2BookDb", "WebApi2BookDb\WebApi2BookDb.sqlproj", "{9086F32C-F64A-4D86-8698-52CCBA7C99AA}"
EndProject
Project("{FAE04EC0-301F-11D3-BF4B-00C04F79EFBC}") = "WebApi2Book.Data.Tests", "WebApi2Book.Data.Tests\WebApi2Book.Data.Tests.csproj", "{A74EE4E3-7AB5-4317-9768-8068D5F50323}"
EndProject
Project("{FAE04EC0-301F-11D3-BF4B-00C04F79EFBC}") = "WebApi2Book.Data.SqlServer.IntegrationTests", "WebApi2Book.Data.SqlServer.IntegrationTests\WebApi2Book.Data.SqlServer.IntegrationTests.csproj", "{7C1FF503-37C0-4AA4-94EA-4201047E2DA6}"
EndProject
Project("{FAE04EC0-301F-11D3-BF4B-00C04F79EFBC}") = "WebApi2Book.Web.Api.Tests", "WebApi2Book.Web.Api.Tests\WebApi2Book.Web.Api.Tests.csproj", "{4908C023-6918-4F48-9612-DE6D171EA157}"
EndProject
Project("{FAE04EC0-301F-11D3-BF4B-00C04F79EFBC}") = "WebApi2Book.Web.Api.IntegrationTests", "WebApi2Book.Web.Api.IntegrationTests\WebApi2Book.Web.Api.IntegrationTests.csproj", "{1325D981-986A-4D32-8A34-66F9B43D718B}"
EndProject
Project("{FAE04EC0-301F-11D3-BF4B-00C04F79EFBC}") = "WebApi2Book.Web.Common.Tests", "WebApi2Book.Web.Common.Tests\WebApi2Book.Web.Common.Tests.csproj", "{8F8E295A-A3D4-4B03-ACAC-3060109F3F72}"
EndProject
Project("{FAE04EC0-301F-11D3-BF4B-00C04F79EFBC}") = "CreateJwt", "CreateJwt\CreateJwt.csproj", "{DB5930A0-2349-4EAF-A9C6-01EB1CB0203E}"
EndProject
Project("{FAE04EC0-301F-11D3-BF4B-00C04F79EFBC}") = "WebApi2BookSPA", "WebApi2BookSPA\WebApi2BookSPA.csproj", "{7EE6FE89-727D-43E3-9D49-7412F7017EEF}"
EndProject
Project("{FAE04EC0-301F-11D3-BF4B-00C04F79EFBC}") = "Blank.ConsoleMain", "MainApplicationSample\Blank.ConsoleMain.csproj", "{7B244720-F2C3-4017-8F7F-8B500F9CA68A}"
EndProject
Project("{FAE04EC0-301F-11D3-BF4B-00C04F79EFBC}") = "Blank.Data.SQLite", "Blank.Data.SQLite\Blank.Data.SQLite.csproj", "{7D525AA4-3983-4185-BBD2-7E21897CC445}"
EndProject
Project("{FAE04EC0-301F-11D3-BF4B-00C04F79EFBC}") = "WebApi.Data", "Blank.Data\WebApi.Data.csproj", "{91CE9C41-4C3D-4D47-9883-AB1CC1EE9C15}"
EndProject
Project("{FAE04EC0-301F-11D3-BF4B-00C04F79EFBC}") = "WebApi.Tests.Sqlite.EntityFramework", "Blank.Data.Tests\WebApi.Tests.Sqlite.EntityFramework.csproj", "{5D6CA7B3-FC33-4645-86CB-4F31A0EAC819}"
EndProject
Project("{FAE04EC0-301F-11D3-BF4B-00C04F79EFBC}") = "ViewModelLib", "ViewModelLib\ViewModelLib.csproj", "{94E09330-43D3-4340-AE9D-46EBA4B2D5AC}"
EndProject
Project("{FAE04EC0-301F-11D3-BF4B-00C04F79EFBC}") = "WebApi.Common", "WebApi.Common\WebApi.Common.csproj", "{6F1274B7-D2A6-41D3-9C41-32C97BC08FF3}"
EndProject
Project("{FAE04EC0-301F-11D3-BF4B-00C04F79EFBC}") = "WebApi.DataBase.Sqlite.EnterpriseLibrary", "WebApi.DataBase.Oracle.EnterpriseLibrary\WebApi.DataBase.Sqlite.EnterpriseLibrary.csproj", "{AB1BB87F-DC33-471D-944F-0111AF713717}"
EndProject
Project("{FAE04EC0-301F-11D3-BF4B-00C04F79EFBC}") = "WebApi.Tests.Common", "WebApi.Tests.Common\WebApi.Tests.Common.csproj", "{73B620F8-F1B5-400F-A76D-45641DE407D7}"
EndProject
Project("{FAE04EC0-301F-11D3-BF4B-00C04F79EFBC}") = "WebApi.Tests.Configuration", "WebApi.Tests.Configuration\WebApi.Tests.Configuration.csproj", "{37E1EF72-2999-4204-A0FD-A99EB3C78E44}"
EndProject
Project("{FAE04EC0-301F-11D3-BF4B-00C04F79EFBC}") = "WebApi.Tests.Web.ApiService.Integration.LocalHost", "WebApi.Tests.Web.ApiService.Integration\WebApi.Tests.Web.ApiService.Integration.LocalHost.csproj", "{3F5A9AA1-7CD0-475D-B4D1-1907008A0582}"
EndProject
Project("{FAE04EC0-301F-11D3-BF4B-00C04F79EFBC}") = "WebApi.Tests.Web.ApiService.Integration.Server", "WebApi.Tests.Web.ApiService.Integration.Server\WebApi.Tests.Web.ApiService.Integration.Server.csproj", "{8B2FDDD8-DF76-46DB-8F42-94A00DB167DD}"
EndProject
Project("{FAE04EC0-301F-11D3-BF4B-00C04F79EFBC}") = "WebApi.Web.Common", "WebApi.Web.Common\WebApi.Web.Common.csproj", "{856A2758-18FD-4B30-B9B3-FE66ADB7E380}"
EndProject
Project("{FAE04EC0-301F-11D3-BF4B-00C04F79EFBC}") = "WebApi.Web.Data", "WebApi.Web.Data\WebApi.Web.Data.csproj", "{B8F1F5BC-736E-45EC-B2F9-A0AA1D8B77A0}"
EndProject
Project("{2150E333-8FDC-42A3-9474-1A3956D46DE8}") = "WebApi", "WebApi", "{4A3A1E81-5F15-4950-BB17-C295F18B7A87}"
EndProject
Project("{2150E333-8FDC-42A3-9474-1A3956D46DE8}") = "Tests", "Tests", "{08F11CCA-78C2-4535-929C-99B863AEC2E9}"
EndProject
Project("{2150E333-8FDC-42A3-9474-1A3956D46DE8}") = "Web", "Web", "{221CEC1D-5E44-4466-B336-4E33A4D5DBE6}"
EndProject
Project("{2150E333-8FDC-42A3-9474-1A3956D46DE8}") = "DataBases", "DataBases", "{596F5BC3-6107-44FD-86C8-1E40526AC005}"
EndProject
Project("{2150E333-8FDC-42A3-9474-1A3956D46DE8}") = "Data", "Data", "{9D660175-6FEB-4F42-AE90-C9870FBDAB29}"
EndProject
Project("{2150E333-8FDC-42A3-9474-1A3956D46DE8}") = "Common", "Common", "{004EC702-A8B1-4FCD-B13B-4F0CAF0E1127}"
EndProject
Project("{FAE04EC0-301F-11D3-BF4B-00C04F79EFBC}") = "WebApi.Tests.Data.Sqlite.EnterpriseLibrary", "WebApi.Tests.Data.Sqlite.EnterpriseLibrary\WebApi.Tests.Data.Sqlite.EnterpriseLibrary.csproj", "{799E374F-C412-4FAC-9141-F6AF98A25451}"
EndProject
Global
	GlobalSection(SolutionConfigurationPlatforms) = preSolution
		Debug|Any CPU = Debug|Any CPU
		Debug|Mixed Platforms = Debug|Mixed Platforms
		Debug|x64 = Debug|x64
		Debug|x86 = Debug|x86
		Release|Any CPU = Release|Any CPU
		Release|Mixed Platforms = Release|Mixed Platforms
		Release|x64 = Release|x64
		Release|x86 = Release|x86
		x64|Any CPU = x64|Any CPU
		x64|Mixed Platforms = x64|Mixed Platforms
		x64|x64 = x64|x64
		x64|x86 = x64|x86
	EndGlobalSection
	GlobalSection(ProjectConfigurationPlatforms) = postSolution
		{9E589099-F064-47C6-9D14-3A54ADA6C8E6}.Debug|Any CPU.ActiveCfg = Debug|Any CPU
		{9E589099-F064-47C6-9D14-3A54ADA6C8E6}.Debug|Any CPU.Build.0 = Debug|Any CPU
		{9E589099-F064-47C6-9D14-3A54ADA6C8E6}.Debug|Mixed Platforms.ActiveCfg = Debug|x86
		{9E589099-F064-47C6-9D14-3A54ADA6C8E6}.Debug|Mixed Platforms.Build.0 = Debug|x86
		{9E589099-F064-47C6-9D14-3A54ADA6C8E6}.Debug|x64.ActiveCfg = Debug|x64
		{9E589099-F064-47C6-9D14-3A54ADA6C8E6}.Debug|x64.Build.0 = Debug|x64
		{9E589099-F064-47C6-9D14-3A54ADA6C8E6}.Debug|x86.ActiveCfg = Debug|x86
		{9E589099-F064-47C6-9D14-3A54ADA6C8E6}.Debug|x86.Build.0 = Debug|x86
		{9E589099-F064-47C6-9D14-3A54ADA6C8E6}.Release|Any CPU.ActiveCfg = Release|Any CPU
		{9E589099-F064-47C6-9D14-3A54ADA6C8E6}.Release|Any CPU.Build.0 = Release|Any CPU
		{9E589099-F064-47C6-9D14-3A54ADA6C8E6}.Release|Mixed Platforms.ActiveCfg = Release|x86
		{9E589099-F064-47C6-9D14-3A54ADA6C8E6}.Release|Mixed Platforms.Build.0 = Release|x86
		{9E589099-F064-47C6-9D14-3A54ADA6C8E6}.Release|x64.ActiveCfg = Release|x64
		{9E589099-F064-47C6-9D14-3A54ADA6C8E6}.Release|x64.Build.0 = Release|x64
		{9E589099-F064-47C6-9D14-3A54ADA6C8E6}.Release|x86.ActiveCfg = Release|x86
		{9E589099-F064-47C6-9D14-3A54ADA6C8E6}.Release|x86.Build.0 = Release|x86
		{9E589099-F064-47C6-9D14-3A54ADA6C8E6}.x64|Any CPU.ActiveCfg = Release|Any CPU
		{9E589099-F064-47C6-9D14-3A54ADA6C8E6}.x64|Any CPU.Build.0 = Release|Any CPU
		{9E589099-F064-47C6-9D14-3A54ADA6C8E6}.x64|Mixed Platforms.ActiveCfg = Release|x86
		{9E589099-F064-47C6-9D14-3A54ADA6C8E6}.x64|Mixed Platforms.Build.0 = Release|x86
		{9E589099-F064-47C6-9D14-3A54ADA6C8E6}.x64|x64.ActiveCfg = Release|x64
		{9E589099-F064-47C6-9D14-3A54ADA6C8E6}.x64|x64.Build.0 = Release|x64
		{9E589099-F064-47C6-9D14-3A54ADA6C8E6}.x64|x86.ActiveCfg = Release|x86
		{9E589099-F064-47C6-9D14-3A54ADA6C8E6}.x64|x86.Build.0 = Release|x86
		{A8B758B6-6B17-4A88-A403-486DB03A960A}.Debug|Any CPU.ActiveCfg = Debug|Any CPU
		{A8B758B6-6B17-4A88-A403-486DB03A960A}.Debug|Any CPU.Build.0 = Debug|Any CPU
		{A8B758B6-6B17-4A88-A403-486DB03A960A}.Debug|Mixed Platforms.ActiveCfg = Debug|x86
		{A8B758B6-6B17-4A88-A403-486DB03A960A}.Debug|Mixed Platforms.Build.0 = Debug|x86
		{A8B758B6-6B17-4A88-A403-486DB03A960A}.Debug|x64.ActiveCfg = Debug|x64
		{A8B758B6-6B17-4A88-A403-486DB03A960A}.Debug|x64.Build.0 = Debug|x64
		{A8B758B6-6B17-4A88-A403-486DB03A960A}.Debug|x86.ActiveCfg = Debug|x86
		{A8B758B6-6B17-4A88-A403-486DB03A960A}.Debug|x86.Build.0 = Debug|x86
		{A8B758B6-6B17-4A88-A403-486DB03A960A}.Release|Any CPU.ActiveCfg = Release|Any CPU
		{A8B758B6-6B17-4A88-A403-486DB03A960A}.Release|Any CPU.Build.0 = Release|Any CPU
		{A8B758B6-6B17-4A88-A403-486DB03A960A}.Release|Mixed Platforms.ActiveCfg = Release|x86
		{A8B758B6-6B17-4A88-A403-486DB03A960A}.Release|Mixed Platforms.Build.0 = Release|x86
		{A8B758B6-6B17-4A88-A403-486DB03A960A}.Release|x64.ActiveCfg = Release|x64
		{A8B758B6-6B17-4A88-A403-486DB03A960A}.Release|x64.Build.0 = Release|x64
		{A8B758B6-6B17-4A88-A403-486DB03A960A}.Release|x86.ActiveCfg = Release|x86
		{A8B758B6-6B17-4A88-A403-486DB03A960A}.Release|x86.Build.0 = Release|x86
		{A8B758B6-6B17-4A88-A403-486DB03A960A}.x64|Any CPU.ActiveCfg = Release|Any CPU
		{A8B758B6-6B17-4A88-A403-486DB03A960A}.x64|Any CPU.Build.0 = Release|Any CPU
		{A8B758B6-6B17-4A88-A403-486DB03A960A}.x64|Mixed Platforms.ActiveCfg = Release|x86
		{A8B758B6-6B17-4A88-A403-486DB03A960A}.x64|Mixed Platforms.Build.0 = Release|x86
		{A8B758B6-6B17-4A88-A403-486DB03A960A}.x64|x64.ActiveCfg = Release|x64
		{A8B758B6-6B17-4A88-A403-486DB03A960A}.x64|x64.Build.0 = Release|x64
		{A8B758B6-6B17-4A88-A403-486DB03A960A}.x64|x86.ActiveCfg = Release|x86
		{A8B758B6-6B17-4A88-A403-486DB03A960A}.x64|x86.Build.0 = Release|x86
		{AF7D41E0-B389-471E-B5F4-320B74425FEC}.Debug|Any CPU.ActiveCfg = Debug|Any CPU
		{AF7D41E0-B389-471E-B5F4-320B74425FEC}.Debug|Any CPU.Build.0 = Debug|Any CPU
		{AF7D41E0-B389-471E-B5F4-320B74425FEC}.Debug|Mixed Platforms.ActiveCfg = Debug|Any CPU
		{AF7D41E0-B389-471E-B5F4-320B74425FEC}.Debug|Mixed Platforms.Build.0 = Debug|Any CPU
		{AF7D41E0-B389-471E-B5F4-320B74425FEC}.Debug|x64.ActiveCfg = Debug|Any CPU
		{AF7D41E0-B389-471E-B5F4-320B74425FEC}.Debug|x86.ActiveCfg = Debug|Any CPU
		{AF7D41E0-B389-471E-B5F4-320B74425FEC}.Release|Any CPU.ActiveCfg = Debug|Any CPU
		{AF7D41E0-B389-471E-B5F4-320B74425FEC}.Release|Any CPU.Build.0 = Debug|Any CPU
		{AF7D41E0-B389-471E-B5F4-320B74425FEC}.Release|Mixed Platforms.ActiveCfg = Debug|Any CPU
		{AF7D41E0-B389-471E-B5F4-320B74425FEC}.Release|Mixed Platforms.Build.0 = Debug|Any CPU
		{AF7D41E0-B389-471E-B5F4-320B74425FEC}.Release|x64.ActiveCfg = Debug|Any CPU
		{AF7D41E0-B389-471E-B5F4-320B74425FEC}.Release|x86.ActiveCfg = Debug|Any CPU
		{AF7D41E0-B389-471E-B5F4-320B74425FEC}.x64|Any CPU.ActiveCfg = Debug|Any CPU
		{AF7D41E0-B389-471E-B5F4-320B74425FEC}.x64|Any CPU.Build.0 = Debug|Any CPU
		{AF7D41E0-B389-471E-B5F4-320B74425FEC}.x64|Mixed Platforms.ActiveCfg = Debug|Any CPU
		{AF7D41E0-B389-471E-B5F4-320B74425FEC}.x64|Mixed Platforms.Build.0 = Debug|Any CPU
		{AF7D41E0-B389-471E-B5F4-320B74425FEC}.x64|x64.ActiveCfg = Debug|Any CPU
		{AF7D41E0-B389-471E-B5F4-320B74425FEC}.x64|x86.ActiveCfg = Debug|Any CPU
		{A72FA555-4430-4D54-9F72-84F6F225B911}.Debug|Any CPU.ActiveCfg = Debug|Any CPU
		{A72FA555-4430-4D54-9F72-84F6F225B911}.Debug|Any CPU.Build.0 = Debug|Any CPU
		{A72FA555-4430-4D54-9F72-84F6F225B911}.Debug|Mixed Platforms.ActiveCfg = Debug|x86
		{A72FA555-4430-4D54-9F72-84F6F225B911}.Debug|Mixed Platforms.Build.0 = Debug|x86
		{A72FA555-4430-4D54-9F72-84F6F225B911}.Debug|x64.ActiveCfg = Debug|x64
		{A72FA555-4430-4D54-9F72-84F6F225B911}.Debug|x64.Build.0 = Debug|x64
		{A72FA555-4430-4D54-9F72-84F6F225B911}.Debug|x86.ActiveCfg = Debug|x86
		{A72FA555-4430-4D54-9F72-84F6F225B911}.Debug|x86.Build.0 = Debug|x86
		{A72FA555-4430-4D54-9F72-84F6F225B911}.Release|Any CPU.ActiveCfg = Release|Any CPU
		{A72FA555-4430-4D54-9F72-84F6F225B911}.Release|Any CPU.Build.0 = Release|Any CPU
		{A72FA555-4430-4D54-9F72-84F6F225B911}.Release|Mixed Platforms.ActiveCfg = Release|x86
		{A72FA555-4430-4D54-9F72-84F6F225B911}.Release|Mixed Platforms.Build.0 = Release|x86
		{A72FA555-4430-4D54-9F72-84F6F225B911}.Release|x64.ActiveCfg = Release|x64
		{A72FA555-4430-4D54-9F72-84F6F225B911}.Release|x64.Build.0 = Release|x64
		{A72FA555-4430-4D54-9F72-84F6F225B911}.Release|x86.ActiveCfg = Release|x86
		{A72FA555-4430-4D54-9F72-84F6F225B911}.Release|x86.Build.0 = Release|x86
		{A72FA555-4430-4D54-9F72-84F6F225B911}.x64|Any CPU.ActiveCfg = Release|Any CPU
		{A72FA555-4430-4D54-9F72-84F6F225B911}.x64|Any CPU.Build.0 = Release|Any CPU
		{A72FA555-4430-4D54-9F72-84F6F225B911}.x64|Mixed Platforms.ActiveCfg = Release|x86
		{A72FA555-4430-4D54-9F72-84F6F225B911}.x64|Mixed Platforms.Build.0 = Release|x86
		{A72FA555-4430-4D54-9F72-84F6F225B911}.x64|x64.ActiveCfg = Release|x64
		{A72FA555-4430-4D54-9F72-84F6F225B911}.x64|x64.Build.0 = Release|x64
		{A72FA555-4430-4D54-9F72-84F6F225B911}.x64|x86.ActiveCfg = Release|x86
		{A72FA555-4430-4D54-9F72-84F6F225B911}.x64|x86.Build.0 = Release|x86
		{D90661C7-C0E2-40F5-A917-07483FB8C2E8}.Debug|Any CPU.ActiveCfg = Debug|Any CPU
		{D90661C7-C0E2-40F5-A917-07483FB8C2E8}.Debug|Any CPU.Build.0 = Debug|Any CPU
		{D90661C7-C0E2-40F5-A917-07483FB8C2E8}.Debug|Mixed Platforms.ActiveCfg = Debug|x86
		{D90661C7-C0E2-40F5-A917-07483FB8C2E8}.Debug|Mixed Platforms.Build.0 = Debug|x86
		{D90661C7-C0E2-40F5-A917-07483FB8C2E8}.Debug|x64.ActiveCfg = Debug|x64
		{D90661C7-C0E2-40F5-A917-07483FB8C2E8}.Debug|x64.Build.0 = Debug|x64
		{D90661C7-C0E2-40F5-A917-07483FB8C2E8}.Debug|x86.ActiveCfg = Debug|x86
		{D90661C7-C0E2-40F5-A917-07483FB8C2E8}.Debug|x86.Build.0 = Debug|x86
		{D90661C7-C0E2-40F5-A917-07483FB8C2E8}.Release|Any CPU.ActiveCfg = Release|Any CPU
		{D90661C7-C0E2-40F5-A917-07483FB8C2E8}.Release|Any CPU.Build.0 = Release|Any CPU
		{D90661C7-C0E2-40F5-A917-07483FB8C2E8}.Release|Mixed Platforms.ActiveCfg = Release|x86
		{D90661C7-C0E2-40F5-A917-07483FB8C2E8}.Release|Mixed Platforms.Build.0 = Release|x86
		{D90661C7-C0E2-40F5-A917-07483FB8C2E8}.Release|x64.ActiveCfg = Release|x64
		{D90661C7-C0E2-40F5-A917-07483FB8C2E8}.Release|x64.Build.0 = Release|x64
		{D90661C7-C0E2-40F5-A917-07483FB8C2E8}.Release|x86.ActiveCfg = Release|x86
		{D90661C7-C0E2-40F5-A917-07483FB8C2E8}.Release|x86.Build.0 = Release|x86
		{D90661C7-C0E2-40F5-A917-07483FB8C2E8}.x64|Any CPU.ActiveCfg = Release|Any CPU
		{D90661C7-C0E2-40F5-A917-07483FB8C2E8}.x64|Any CPU.Build.0 = Release|Any CPU
		{D90661C7-C0E2-40F5-A917-07483FB8C2E8}.x64|Mixed Platforms.ActiveCfg = Release|x86
		{D90661C7-C0E2-40F5-A917-07483FB8C2E8}.x64|Mixed Platforms.Build.0 = Release|x86
		{D90661C7-C0E2-40F5-A917-07483FB8C2E8}.x64|x64.ActiveCfg = Release|x64
		{D90661C7-C0E2-40F5-A917-07483FB8C2E8}.x64|x64.Build.0 = Release|x64
		{D90661C7-C0E2-40F5-A917-07483FB8C2E8}.x64|x86.ActiveCfg = Release|x86
		{D90661C7-C0E2-40F5-A917-07483FB8C2E8}.x64|x86.Build.0 = Release|x86
		{68B43267-0F87-49A6-9050-509F66A4E138}.Debug|Any CPU.ActiveCfg = Debug|Any CPU
		{68B43267-0F87-49A6-9050-509F66A4E138}.Debug|Any CPU.Build.0 = Debug|Any CPU
		{68B43267-0F87-49A6-9050-509F66A4E138}.Debug|Mixed Platforms.ActiveCfg = Debug|x86
		{68B43267-0F87-49A6-9050-509F66A4E138}.Debug|Mixed Platforms.Build.0 = Debug|x86
		{68B43267-0F87-49A6-9050-509F66A4E138}.Debug|x64.ActiveCfg = Debug|x64
		{68B43267-0F87-49A6-9050-509F66A4E138}.Debug|x64.Build.0 = Debug|x64
		{68B43267-0F87-49A6-9050-509F66A4E138}.Debug|x86.ActiveCfg = Debug|x86
		{68B43267-0F87-49A6-9050-509F66A4E138}.Debug|x86.Build.0 = Debug|x86
		{68B43267-0F87-49A6-9050-509F66A4E138}.Release|Any CPU.ActiveCfg = Release|Any CPU
		{68B43267-0F87-49A6-9050-509F66A4E138}.Release|Any CPU.Build.0 = Release|Any CPU
		{68B43267-0F87-49A6-9050-509F66A4E138}.Release|Mixed Platforms.ActiveCfg = Release|x86
		{68B43267-0F87-49A6-9050-509F66A4E138}.Release|Mixed Platforms.Build.0 = Release|x86
		{68B43267-0F87-49A6-9050-509F66A4E138}.Release|x64.ActiveCfg = Release|x64
		{68B43267-0F87-49A6-9050-509F66A4E138}.Release|x64.Build.0 = Release|x64
		{68B43267-0F87-49A6-9050-509F66A4E138}.Release|x86.ActiveCfg = Release|x86
		{68B43267-0F87-49A6-9050-509F66A4E138}.Release|x86.Build.0 = Release|x86
		{68B43267-0F87-49A6-9050-509F66A4E138}.x64|Any CPU.ActiveCfg = Release|Any CPU
		{68B43267-0F87-49A6-9050-509F66A4E138}.x64|Any CPU.Build.0 = Release|Any CPU
		{68B43267-0F87-49A6-9050-509F66A4E138}.x64|Mixed Platforms.ActiveCfg = Release|x86
		{68B43267-0F87-49A6-9050-509F66A4E138}.x64|Mixed Platforms.Build.0 = Release|x86
		{68B43267-0F87-49A6-9050-509F66A4E138}.x64|x64.ActiveCfg = Release|x64
		{68B43267-0F87-49A6-9050-509F66A4E138}.x64|x64.Build.0 = Release|x64
		{68B43267-0F87-49A6-9050-509F66A4E138}.x64|x86.ActiveCfg = Release|x86
		{68B43267-0F87-49A6-9050-509F66A4E138}.x64|x86.Build.0 = Release|x86
		{B4F56983-5B1C-42C7-B872-AE3A5545C02D}.Debug|Any CPU.ActiveCfg = Debug|Any CPU
		{B4F56983-5B1C-42C7-B872-AE3A5545C02D}.Debug|Any CPU.Build.0 = Debug|Any CPU
		{B4F56983-5B1C-42C7-B872-AE3A5545C02D}.Debug|Mixed Platforms.ActiveCfg = Debug|x86
		{B4F56983-5B1C-42C7-B872-AE3A5545C02D}.Debug|Mixed Platforms.Build.0 = Debug|x86
		{B4F56983-5B1C-42C7-B872-AE3A5545C02D}.Debug|x64.ActiveCfg = Debug|x64
		{B4F56983-5B1C-42C7-B872-AE3A5545C02D}.Debug|x64.Build.0 = Debug|x64
		{B4F56983-5B1C-42C7-B872-AE3A5545C02D}.Debug|x86.ActiveCfg = Debug|x86
		{B4F56983-5B1C-42C7-B872-AE3A5545C02D}.Debug|x86.Build.0 = Debug|x86
		{B4F56983-5B1C-42C7-B872-AE3A5545C02D}.Release|Any CPU.ActiveCfg = Release|Any CPU
		{B4F56983-5B1C-42C7-B872-AE3A5545C02D}.Release|Any CPU.Build.0 = Release|Any CPU
		{B4F56983-5B1C-42C7-B872-AE3A5545C02D}.Release|Mixed Platforms.ActiveCfg = Release|x86
		{B4F56983-5B1C-42C7-B872-AE3A5545C02D}.Release|Mixed Platforms.Build.0 = Release|x86
		{B4F56983-5B1C-42C7-B872-AE3A5545C02D}.Release|x64.ActiveCfg = Release|x64
		{B4F56983-5B1C-42C7-B872-AE3A5545C02D}.Release|x64.Build.0 = Release|x64
		{B4F56983-5B1C-42C7-B872-AE3A5545C02D}.Release|x86.ActiveCfg = Release|x86
		{B4F56983-5B1C-42C7-B872-AE3A5545C02D}.Release|x86.Build.0 = Release|x86
		{B4F56983-5B1C-42C7-B872-AE3A5545C02D}.x64|Any CPU.ActiveCfg = Release|Any CPU
		{B4F56983-5B1C-42C7-B872-AE3A5545C02D}.x64|Any CPU.Build.0 = Release|Any CPU
		{B4F56983-5B1C-42C7-B872-AE3A5545C02D}.x64|Mixed Platforms.ActiveCfg = Release|x86
		{B4F56983-5B1C-42C7-B872-AE3A5545C02D}.x64|Mixed Platforms.Build.0 = Release|x86
		{B4F56983-5B1C-42C7-B872-AE3A5545C02D}.x64|x64.ActiveCfg = Release|x64
		{B4F56983-5B1C-42C7-B872-AE3A5545C02D}.x64|x64.Build.0 = Release|x64
		{B4F56983-5B1C-42C7-B872-AE3A5545C02D}.x64|x86.ActiveCfg = Release|x86
		{B4F56983-5B1C-42C7-B872-AE3A5545C02D}.x64|x86.Build.0 = Release|x86
		{36CAC611-2F82-456D-923D-EF959AEB5BBA}.Debug|Any CPU.ActiveCfg = Debug|Any CPU
		{36CAC611-2F82-456D-923D-EF959AEB5BBA}.Debug|Any CPU.Build.0 = Debug|Any CPU
		{36CAC611-2F82-456D-923D-EF959AEB5BBA}.Debug|Mixed Platforms.ActiveCfg = Debug|x86
		{36CAC611-2F82-456D-923D-EF959AEB5BBA}.Debug|Mixed Platforms.Build.0 = Debug|x86
		{36CAC611-2F82-456D-923D-EF959AEB5BBA}.Debug|x64.ActiveCfg = Debug|x64
		{36CAC611-2F82-456D-923D-EF959AEB5BBA}.Debug|x64.Build.0 = Debug|x64
		{36CAC611-2F82-456D-923D-EF959AEB5BBA}.Debug|x86.ActiveCfg = Debug|x86
		{36CAC611-2F82-456D-923D-EF959AEB5BBA}.Debug|x86.Build.0 = Debug|x86
		{36CAC611-2F82-456D-923D-EF959AEB5BBA}.Release|Any CPU.ActiveCfg = Release|Any CPU
		{36CAC611-2F82-456D-923D-EF959AEB5BBA}.Release|Any CPU.Build.0 = Release|Any CPU
		{36CAC611-2F82-456D-923D-EF959AEB5BBA}.Release|Mixed Platforms.ActiveCfg = Release|x86
		{36CAC611-2F82-456D-923D-EF959AEB5BBA}.Release|Mixed Platforms.Build.0 = Release|x86
		{36CAC611-2F82-456D-923D-EF959AEB5BBA}.Release|x64.ActiveCfg = Release|x64
		{36CAC611-2F82-456D-923D-EF959AEB5BBA}.Release|x64.Build.0 = Release|x64
		{36CAC611-2F82-456D-923D-EF959AEB5BBA}.Release|x86.ActiveCfg = Release|x86
		{36CAC611-2F82-456D-923D-EF959AEB5BBA}.Release|x86.Build.0 = Release|x86
		{36CAC611-2F82-456D-923D-EF959AEB5BBA}.x64|Any CPU.ActiveCfg = Release|Any CPU
		{36CAC611-2F82-456D-923D-EF959AEB5BBA}.x64|Any CPU.Build.0 = Release|Any CPU
		{36CAC611-2F82-456D-923D-EF959AEB5BBA}.x64|Mixed Platforms.ActiveCfg = Release|x86
		{36CAC611-2F82-456D-923D-EF959AEB5BBA}.x64|Mixed Platforms.Build.0 = Release|x86
		{36CAC611-2F82-456D-923D-EF959AEB5BBA}.x64|x64.ActiveCfg = Release|x64
		{36CAC611-2F82-456D-923D-EF959AEB5BBA}.x64|x64.Build.0 = Release|x64
		{36CAC611-2F82-456D-923D-EF959AEB5BBA}.x64|x86.ActiveCfg = Release|x86
		{36CAC611-2F82-456D-923D-EF959AEB5BBA}.x64|x86.Build.0 = Release|x86
		{B772FEE1-DA0F-4B31-9C12-E84FA6A235C4}.Debug|Any CPU.ActiveCfg = Debug|Any CPU
		{B772FEE1-DA0F-4B31-9C12-E84FA6A235C4}.Debug|Any CPU.Build.0 = Debug|Any CPU
		{B772FEE1-DA0F-4B31-9C12-E84FA6A235C4}.Debug|Mixed Platforms.ActiveCfg = Debug|x86
		{B772FEE1-DA0F-4B31-9C12-E84FA6A235C4}.Debug|Mixed Platforms.Build.0 = Debug|x86
		{B772FEE1-DA0F-4B31-9C12-E84FA6A235C4}.Debug|x64.ActiveCfg = Debug|x64
		{B772FEE1-DA0F-4B31-9C12-E84FA6A235C4}.Debug|x64.Build.0 = Debug|x64
		{B772FEE1-DA0F-4B31-9C12-E84FA6A235C4}.Debug|x86.ActiveCfg = Debug|x86
		{B772FEE1-DA0F-4B31-9C12-E84FA6A235C4}.Debug|x86.Build.0 = Debug|x86
		{B772FEE1-DA0F-4B31-9C12-E84FA6A235C4}.Release|Any CPU.ActiveCfg = Release|Any CPU
		{B772FEE1-DA0F-4B31-9C12-E84FA6A235C4}.Release|Any CPU.Build.0 = Release|Any CPU
		{B772FEE1-DA0F-4B31-9C12-E84FA6A235C4}.Release|Mixed Platforms.ActiveCfg = Release|x86
		{B772FEE1-DA0F-4B31-9C12-E84FA6A235C4}.Release|Mixed Platforms.Build.0 = Release|x86
		{B772FEE1-DA0F-4B31-9C12-E84FA6A235C4}.Release|x64.ActiveCfg = Release|x64
		{B772FEE1-DA0F-4B31-9C12-E84FA6A235C4}.Release|x64.Build.0 = Release|x64
		{B772FEE1-DA0F-4B31-9C12-E84FA6A235C4}.Release|x86.ActiveCfg = Release|x86
		{B772FEE1-DA0F-4B31-9C12-E84FA6A235C4}.Release|x86.Build.0 = Release|x86
		{B772FEE1-DA0F-4B31-9C12-E84FA6A235C4}.x64|Any CPU.ActiveCfg = Release|Any CPU
		{B772FEE1-DA0F-4B31-9C12-E84FA6A235C4}.x64|Any CPU.Build.0 = Release|Any CPU
		{B772FEE1-DA0F-4B31-9C12-E84FA6A235C4}.x64|Mixed Platforms.ActiveCfg = Release|x86
		{B772FEE1-DA0F-4B31-9C12-E84FA6A235C4}.x64|Mixed Platforms.Build.0 = Release|x86
		{B772FEE1-DA0F-4B31-9C12-E84FA6A235C4}.x64|x64.ActiveCfg = Release|x64
		{B772FEE1-DA0F-4B31-9C12-E84FA6A235C4}.x64|x64.Build.0 = Release|x64
		{B772FEE1-DA0F-4B31-9C12-E84FA6A235C4}.x64|x86.ActiveCfg = Release|x86
		{B772FEE1-DA0F-4B31-9C12-E84FA6A235C4}.x64|x86.Build.0 = Release|x86
		{9086F32C-F64A-4D86-8698-52CCBA7C99AA}.Debug|Any CPU.ActiveCfg = Debug|Any CPU
		{9086F32C-F64A-4D86-8698-52CCBA7C99AA}.Debug|Any CPU.Build.0 = Debug|Any CPU
		{9086F32C-F64A-4D86-8698-52CCBA7C99AA}.Debug|Any CPU.Deploy.0 = Debug|Any CPU
		{9086F32C-F64A-4D86-8698-52CCBA7C99AA}.Debug|Mixed Platforms.ActiveCfg = Debug|x86
		{9086F32C-F64A-4D86-8698-52CCBA7C99AA}.Debug|x64.ActiveCfg = Debug|x64
		{9086F32C-F64A-4D86-8698-52CCBA7C99AA}.Debug|x64.Build.0 = Debug|x64
		{9086F32C-F64A-4D86-8698-52CCBA7C99AA}.Debug|x64.Deploy.0 = Debug|x64
		{9086F32C-F64A-4D86-8698-52CCBA7C99AA}.Debug|x86.ActiveCfg = Debug|x86
		{9086F32C-F64A-4D86-8698-52CCBA7C99AA}.Debug|x86.Build.0 = Debug|x86
		{9086F32C-F64A-4D86-8698-52CCBA7C99AA}.Debug|x86.Deploy.0 = Debug|x86
		{9086F32C-F64A-4D86-8698-52CCBA7C99AA}.Release|Any CPU.ActiveCfg = Release|Any CPU
		{9086F32C-F64A-4D86-8698-52CCBA7C99AA}.Release|Any CPU.Build.0 = Release|Any CPU
		{9086F32C-F64A-4D86-8698-52CCBA7C99AA}.Release|Any CPU.Deploy.0 = Release|Any CPU
		{9086F32C-F64A-4D86-8698-52CCBA7C99AA}.Release|Mixed Platforms.ActiveCfg = Release|x86
		{9086F32C-F64A-4D86-8698-52CCBA7C99AA}.Release|Mixed Platforms.Build.0 = Release|x86
		{9086F32C-F64A-4D86-8698-52CCBA7C99AA}.Release|Mixed Platforms.Deploy.0 = Release|x86
		{9086F32C-F64A-4D86-8698-52CCBA7C99AA}.Release|x64.ActiveCfg = Release|x64
		{9086F32C-F64A-4D86-8698-52CCBA7C99AA}.Release|x64.Build.0 = Release|x64
		{9086F32C-F64A-4D86-8698-52CCBA7C99AA}.Release|x64.Deploy.0 = Release|x64
		{9086F32C-F64A-4D86-8698-52CCBA7C99AA}.Release|x86.ActiveCfg = Release|x86
		{9086F32C-F64A-4D86-8698-52CCBA7C99AA}.Release|x86.Build.0 = Release|x86
		{9086F32C-F64A-4D86-8698-52CCBA7C99AA}.Release|x86.Deploy.0 = Release|x86
		{9086F32C-F64A-4D86-8698-52CCBA7C99AA}.x64|Any CPU.ActiveCfg = Release|Any CPU
		{9086F32C-F64A-4D86-8698-52CCBA7C99AA}.x64|Any CPU.Build.0 = Release|Any CPU
		{9086F32C-F64A-4D86-8698-52CCBA7C99AA}.x64|Any CPU.Deploy.0 = Release|Any CPU
		{9086F32C-F64A-4D86-8698-52CCBA7C99AA}.x64|Mixed Platforms.ActiveCfg = Release|x86
		{9086F32C-F64A-4D86-8698-52CCBA7C99AA}.x64|Mixed Platforms.Build.0 = Release|x86
		{9086F32C-F64A-4D86-8698-52CCBA7C99AA}.x64|Mixed Platforms.Deploy.0 = Release|x86
		{9086F32C-F64A-4D86-8698-52CCBA7C99AA}.x64|x64.ActiveCfg = Release|x64
		{9086F32C-F64A-4D86-8698-52CCBA7C99AA}.x64|x64.Build.0 = Release|x64
		{9086F32C-F64A-4D86-8698-52CCBA7C99AA}.x64|x64.Deploy.0 = Release|x64
		{9086F32C-F64A-4D86-8698-52CCBA7C99AA}.x64|x86.ActiveCfg = Release|x86
		{9086F32C-F64A-4D86-8698-52CCBA7C99AA}.x64|x86.Build.0 = Release|x86
		{9086F32C-F64A-4D86-8698-52CCBA7C99AA}.x64|x86.Deploy.0 = Release|x86
		{A74EE4E3-7AB5-4317-9768-8068D5F50323}.Debug|Any CPU.ActiveCfg = Debug|Any CPU
		{A74EE4E3-7AB5-4317-9768-8068D5F50323}.Debug|Any CPU.Build.0 = Debug|Any CPU
		{A74EE4E3-7AB5-4317-9768-8068D5F50323}.Debug|Mixed Platforms.ActiveCfg = Debug|x86
		{A74EE4E3-7AB5-4317-9768-8068D5F50323}.Debug|Mixed Platforms.Build.0 = Debug|x86
		{A74EE4E3-7AB5-4317-9768-8068D5F50323}.Debug|x64.ActiveCfg = Debug|x64
		{A74EE4E3-7AB5-4317-9768-8068D5F50323}.Debug|x64.Build.0 = Debug|x64
		{A74EE4E3-7AB5-4317-9768-8068D5F50323}.Debug|x86.ActiveCfg = Debug|x86
		{A74EE4E3-7AB5-4317-9768-8068D5F50323}.Debug|x86.Build.0 = Debug|x86
		{A74EE4E3-7AB5-4317-9768-8068D5F50323}.Release|Any CPU.ActiveCfg = Release|Any CPU
		{A74EE4E3-7AB5-4317-9768-8068D5F50323}.Release|Any CPU.Build.0 = Release|Any CPU
		{A74EE4E3-7AB5-4317-9768-8068D5F50323}.Release|Mixed Platforms.ActiveCfg = Release|x86
		{A74EE4E3-7AB5-4317-9768-8068D5F50323}.Release|Mixed Platforms.Build.0 = Release|x86
		{A74EE4E3-7AB5-4317-9768-8068D5F50323}.Release|x64.ActiveCfg = Release|x64
		{A74EE4E3-7AB5-4317-9768-8068D5F50323}.Release|x64.Build.0 = Release|x64
		{A74EE4E3-7AB5-4317-9768-8068D5F50323}.Release|x86.ActiveCfg = Release|x86
		{A74EE4E3-7AB5-4317-9768-8068D5F50323}.Release|x86.Build.0 = Release|x86
		{A74EE4E3-7AB5-4317-9768-8068D5F50323}.x64|Any CPU.ActiveCfg = Release|Any CPU
		{A74EE4E3-7AB5-4317-9768-8068D5F50323}.x64|Any CPU.Build.0 = Release|Any CPU
		{A74EE4E3-7AB5-4317-9768-8068D5F50323}.x64|Mixed Platforms.ActiveCfg = Release|x86
		{A74EE4E3-7AB5-4317-9768-8068D5F50323}.x64|Mixed Platforms.Build.0 = Release|x86
		{A74EE4E3-7AB5-4317-9768-8068D5F50323}.x64|x64.ActiveCfg = Release|x64
		{A74EE4E3-7AB5-4317-9768-8068D5F50323}.x64|x64.Build.0 = Release|x64
		{A74EE4E3-7AB5-4317-9768-8068D5F50323}.x64|x86.ActiveCfg = Release|x86
		{A74EE4E3-7AB5-4317-9768-8068D5F50323}.x64|x86.Build.0 = Release|x86
		{7C1FF503-37C0-4AA4-94EA-4201047E2DA6}.Debug|Any CPU.ActiveCfg = Debug|Any CPU
		{7C1FF503-37C0-4AA4-94EA-4201047E2DA6}.Debug|Any CPU.Build.0 = Debug|Any CPU
		{7C1FF503-37C0-4AA4-94EA-4201047E2DA6}.Debug|Mixed Platforms.ActiveCfg = Debug|x86
		{7C1FF503-37C0-4AA4-94EA-4201047E2DA6}.Debug|Mixed Platforms.Build.0 = Debug|x86
		{7C1FF503-37C0-4AA4-94EA-4201047E2DA6}.Debug|x64.ActiveCfg = Debug|x64
		{7C1FF503-37C0-4AA4-94EA-4201047E2DA6}.Debug|x64.Build.0 = Debug|x64
		{7C1FF503-37C0-4AA4-94EA-4201047E2DA6}.Debug|x86.ActiveCfg = Debug|x86
		{7C1FF503-37C0-4AA4-94EA-4201047E2DA6}.Debug|x86.Build.0 = Debug|x86
		{7C1FF503-37C0-4AA4-94EA-4201047E2DA6}.Release|Any CPU.ActiveCfg = Release|Any CPU
		{7C1FF503-37C0-4AA4-94EA-4201047E2DA6}.Release|Any CPU.Build.0 = Release|Any CPU
		{7C1FF503-37C0-4AA4-94EA-4201047E2DA6}.Release|Mixed Platforms.ActiveCfg = Release|x86
		{7C1FF503-37C0-4AA4-94EA-4201047E2DA6}.Release|Mixed Platforms.Build.0 = Release|x86
		{7C1FF503-37C0-4AA4-94EA-4201047E2DA6}.Release|x64.ActiveCfg = Release|x64
		{7C1FF503-37C0-4AA4-94EA-4201047E2DA6}.Release|x64.Build.0 = Release|x64
		{7C1FF503-37C0-4AA4-94EA-4201047E2DA6}.Release|x86.ActiveCfg = Release|x86
		{7C1FF503-37C0-4AA4-94EA-4201047E2DA6}.Release|x86.Build.0 = Release|x86
		{7C1FF503-37C0-4AA4-94EA-4201047E2DA6}.x64|Any CPU.ActiveCfg = Release|Any CPU
		{7C1FF503-37C0-4AA4-94EA-4201047E2DA6}.x64|Any CPU.Build.0 = Release|Any CPU
		{7C1FF503-37C0-4AA4-94EA-4201047E2DA6}.x64|Mixed Platforms.ActiveCfg = Release|x86
		{7C1FF503-37C0-4AA4-94EA-4201047E2DA6}.x64|Mixed Platforms.Build.0 = Release|x86
		{7C1FF503-37C0-4AA4-94EA-4201047E2DA6}.x64|x64.ActiveCfg = Release|x64
		{7C1FF503-37C0-4AA4-94EA-4201047E2DA6}.x64|x64.Build.0 = Release|x64
		{7C1FF503-37C0-4AA4-94EA-4201047E2DA6}.x64|x86.ActiveCfg = Release|x86
		{7C1FF503-37C0-4AA4-94EA-4201047E2DA6}.x64|x86.Build.0 = Release|x86
		{4908C023-6918-4F48-9612-DE6D171EA157}.Debug|Any CPU.ActiveCfg = Debug|Any CPU
		{4908C023-6918-4F48-9612-DE6D171EA157}.Debug|Any CPU.Build.0 = Debug|Any CPU
		{4908C023-6918-4F48-9612-DE6D171EA157}.Debug|Mixed Platforms.ActiveCfg = Debug|x86
		{4908C023-6918-4F48-9612-DE6D171EA157}.Debug|Mixed Platforms.Build.0 = Debug|x86
		{4908C023-6918-4F48-9612-DE6D171EA157}.Debug|x64.ActiveCfg = Debug|x64
		{4908C023-6918-4F48-9612-DE6D171EA157}.Debug|x64.Build.0 = Debug|x64
		{4908C023-6918-4F48-9612-DE6D171EA157}.Debug|x86.ActiveCfg = Debug|x86
		{4908C023-6918-4F48-9612-DE6D171EA157}.Debug|x86.Build.0 = Debug|x86
		{4908C023-6918-4F48-9612-DE6D171EA157}.Release|Any CPU.ActiveCfg = Release|Any CPU
		{4908C023-6918-4F48-9612-DE6D171EA157}.Release|Any CPU.Build.0 = Release|Any CPU
		{4908C023-6918-4F48-9612-DE6D171EA157}.Release|Mixed Platforms.ActiveCfg = Release|x86
		{4908C023-6918-4F48-9612-DE6D171EA157}.Release|Mixed Platforms.Build.0 = Release|x86
		{4908C023-6918-4F48-9612-DE6D171EA157}.Release|x64.ActiveCfg = Release|x64
		{4908C023-6918-4F48-9612-DE6D171EA157}.Release|x64.Build.0 = Release|x64
		{4908C023-6918-4F48-9612-DE6D171EA157}.Release|x86.ActiveCfg = Release|x86
		{4908C023-6918-4F48-9612-DE6D171EA157}.Release|x86.Build.0 = Release|x86
		{4908C023-6918-4F48-9612-DE6D171EA157}.x64|Any CPU.ActiveCfg = Release|Any CPU
		{4908C023-6918-4F48-9612-DE6D171EA157}.x64|Any CPU.Build.0 = Release|Any CPU
		{4908C023-6918-4F48-9612-DE6D171EA157}.x64|Mixed Platforms.ActiveCfg = Release|x86
		{4908C023-6918-4F48-9612-DE6D171EA157}.x64|Mixed Platforms.Build.0 = Release|x86
		{4908C023-6918-4F48-9612-DE6D171EA157}.x64|x64.ActiveCfg = Release|x64
		{4908C023-6918-4F48-9612-DE6D171EA157}.x64|x64.Build.0 = Release|x64
		{4908C023-6918-4F48-9612-DE6D171EA157}.x64|x86.ActiveCfg = Release|x86
		{4908C023-6918-4F48-9612-DE6D171EA157}.x64|x86.Build.0 = Release|x86
		{1325D981-986A-4D32-8A34-66F9B43D718B}.Debug|Any CPU.ActiveCfg = Debug|Any CPU
		{1325D981-986A-4D32-8A34-66F9B43D718B}.Debug|Any CPU.Build.0 = Debug|Any CPU
		{1325D981-986A-4D32-8A34-66F9B43D718B}.Debug|Mixed Platforms.ActiveCfg = Debug|x86
		{1325D981-986A-4D32-8A34-66F9B43D718B}.Debug|Mixed Platforms.Build.0 = Debug|x86
		{1325D981-986A-4D32-8A34-66F9B43D718B}.Debug|x64.ActiveCfg = Debug|x64
		{1325D981-986A-4D32-8A34-66F9B43D718B}.Debug|x64.Build.0 = Debug|x64
		{1325D981-986A-4D32-8A34-66F9B43D718B}.Debug|x86.ActiveCfg = Debug|x86
		{1325D981-986A-4D32-8A34-66F9B43D718B}.Debug|x86.Build.0 = Debug|x86
		{1325D981-986A-4D32-8A34-66F9B43D718B}.Release|Any CPU.ActiveCfg = Release|Any CPU
		{1325D981-986A-4D32-8A34-66F9B43D718B}.Release|Any CPU.Build.0 = Release|Any CPU
		{1325D981-986A-4D32-8A34-66F9B43D718B}.Release|Mixed Platforms.ActiveCfg = Release|x86
		{1325D981-986A-4D32-8A34-66F9B43D718B}.Release|Mixed Platforms.Build.0 = Release|x86
		{1325D981-986A-4D32-8A34-66F9B43D718B}.Release|x64.ActiveCfg = Release|x64
		{1325D981-986A-4D32-8A34-66F9B43D718B}.Release|x64.Build.0 = Release|x64
		{1325D981-986A-4D32-8A34-66F9B43D718B}.Release|x86.ActiveCfg = Release|x86
		{1325D981-986A-4D32-8A34-66F9B43D718B}.Release|x86.Build.0 = Release|x86
		{1325D981-986A-4D32-8A34-66F9B43D718B}.x64|Any CPU.ActiveCfg = Release|Any CPU
		{1325D981-986A-4D32-8A34-66F9B43D718B}.x64|Any CPU.Build.0 = Release|Any CPU
		{1325D981-986A-4D32-8A34-66F9B43D718B}.x64|Mixed Platforms.ActiveCfg = Release|x86
		{1325D981-986A-4D32-8A34-66F9B43D718B}.x64|Mixed Platforms.Build.0 = Release|x86
		{1325D981-986A-4D32-8A34-66F9B43D718B}.x64|x64.ActiveCfg = Release|x64
		{1325D981-986A-4D32-8A34-66F9B43D718B}.x64|x64.Build.0 = Release|x64
		{1325D981-986A-4D32-8A34-66F9B43D718B}.x64|x86.ActiveCfg = Release|x86
		{1325D981-986A-4D32-8A34-66F9B43D718B}.x64|x86.Build.0 = Release|x86
		{8F8E295A-A3D4-4B03-ACAC-3060109F3F72}.Debug|Any CPU.ActiveCfg = Debug|Any CPU
		{8F8E295A-A3D4-4B03-ACAC-3060109F3F72}.Debug|Any CPU.Build.0 = Debug|Any CPU
		{8F8E295A-A3D4-4B03-ACAC-3060109F3F72}.Debug|Mixed Platforms.ActiveCfg = Debug|x86
		{8F8E295A-A3D4-4B03-ACAC-3060109F3F72}.Debug|Mixed Platforms.Build.0 = Debug|x86
		{8F8E295A-A3D4-4B03-ACAC-3060109F3F72}.Debug|x64.ActiveCfg = Debug|x64
		{8F8E295A-A3D4-4B03-ACAC-3060109F3F72}.Debug|x64.Build.0 = Debug|x64
		{8F8E295A-A3D4-4B03-ACAC-3060109F3F72}.Debug|x86.ActiveCfg = Debug|x86
		{8F8E295A-A3D4-4B03-ACAC-3060109F3F72}.Debug|x86.Build.0 = Debug|x86
		{8F8E295A-A3D4-4B03-ACAC-3060109F3F72}.Release|Any CPU.ActiveCfg = Release|Any CPU
		{8F8E295A-A3D4-4B03-ACAC-3060109F3F72}.Release|Any CPU.Build.0 = Release|Any CPU
		{8F8E295A-A3D4-4B03-ACAC-3060109F3F72}.Release|Mixed Platforms.ActiveCfg = Release|x86
		{8F8E295A-A3D4-4B03-ACAC-3060109F3F72}.Release|Mixed Platforms.Build.0 = Release|x86
		{8F8E295A-A3D4-4B03-ACAC-3060109F3F72}.Release|x64.ActiveCfg = Release|x64
		{8F8E295A-A3D4-4B03-ACAC-3060109F3F72}.Release|x64.Build.0 = Release|x64
		{8F8E295A-A3D4-4B03-ACAC-3060109F3F72}.Release|x86.ActiveCfg = Release|x86
		{8F8E295A-A3D4-4B03-ACAC-3060109F3F72}.Release|x86.Build.0 = Release|x86
		{8F8E295A-A3D4-4B03-ACAC-3060109F3F72}.x64|Any CPU.ActiveCfg = Release|Any CPU
		{8F8E295A-A3D4-4B03-ACAC-3060109F3F72}.x64|Any CPU.Build.0 = Release|Any CPU
		{8F8E295A-A3D4-4B03-ACAC-3060109F3F72}.x64|Mixed Platforms.ActiveCfg = Release|x86
		{8F8E295A-A3D4-4B03-ACAC-3060109F3F72}.x64|Mixed Platforms.Build.0 = Release|x86
		{8F8E295A-A3D4-4B03-ACAC-3060109F3F72}.x64|x64.ActiveCfg = Release|x64
		{8F8E295A-A3D4-4B03-ACAC-3060109F3F72}.x64|x64.Build.0 = Release|x64
		{8F8E295A-A3D4-4B03-ACAC-3060109F3F72}.x64|x86.ActiveCfg = Release|x86
		{8F8E295A-A3D4-4B03-ACAC-3060109F3F72}.x64|x86.Build.0 = Release|x86
		{DB5930A0-2349-4EAF-A9C6-01EB1CB0203E}.Debug|Any CPU.ActiveCfg = Debug|Any CPU
		{DB5930A0-2349-4EAF-A9C6-01EB1CB0203E}.Debug|Any CPU.Build.0 = Debug|Any CPU
		{DB5930A0-2349-4EAF-A9C6-01EB1CB0203E}.Debug|Mixed Platforms.ActiveCfg = Debug|x86
		{DB5930A0-2349-4EAF-A9C6-01EB1CB0203E}.Debug|Mixed Platforms.Build.0 = Debug|x86
		{DB5930A0-2349-4EAF-A9C6-01EB1CB0203E}.Debug|x64.ActiveCfg = Debug|x64
		{DB5930A0-2349-4EAF-A9C6-01EB1CB0203E}.Debug|x64.Build.0 = Debug|x64
		{DB5930A0-2349-4EAF-A9C6-01EB1CB0203E}.Debug|x86.ActiveCfg = Debug|x86
		{DB5930A0-2349-4EAF-A9C6-01EB1CB0203E}.Debug|x86.Build.0 = Debug|x86
		{DB5930A0-2349-4EAF-A9C6-01EB1CB0203E}.Release|Any CPU.ActiveCfg = Release|Any CPU
		{DB5930A0-2349-4EAF-A9C6-01EB1CB0203E}.Release|Any CPU.Build.0 = Release|Any CPU
		{DB5930A0-2349-4EAF-A9C6-01EB1CB0203E}.Release|Mixed Platforms.ActiveCfg = Release|x86
		{DB5930A0-2349-4EAF-A9C6-01EB1CB0203E}.Release|Mixed Platforms.Build.0 = Release|x86
		{DB5930A0-2349-4EAF-A9C6-01EB1CB0203E}.Release|x64.ActiveCfg = Release|x64
		{DB5930A0-2349-4EAF-A9C6-01EB1CB0203E}.Release|x64.Build.0 = Release|x64
		{DB5930A0-2349-4EAF-A9C6-01EB1CB0203E}.Release|x86.ActiveCfg = Release|x86
		{DB5930A0-2349-4EAF-A9C6-01EB1CB0203E}.Release|x86.Build.0 = Release|x86
		{DB5930A0-2349-4EAF-A9C6-01EB1CB0203E}.x64|Any CPU.ActiveCfg = Release|Any CPU
		{DB5930A0-2349-4EAF-A9C6-01EB1CB0203E}.x64|Any CPU.Build.0 = Release|Any CPU
		{DB5930A0-2349-4EAF-A9C6-01EB1CB0203E}.x64|Mixed Platforms.ActiveCfg = Release|x86
		{DB5930A0-2349-4EAF-A9C6-01EB1CB0203E}.x64|Mixed Platforms.Build.0 = Release|x86
		{DB5930A0-2349-4EAF-A9C6-01EB1CB0203E}.x64|x64.ActiveCfg = Release|x64
		{DB5930A0-2349-4EAF-A9C6-01EB1CB0203E}.x64|x64.Build.0 = Release|x64
		{DB5930A0-2349-4EAF-A9C6-01EB1CB0203E}.x64|x86.ActiveCfg = Release|x86
		{DB5930A0-2349-4EAF-A9C6-01EB1CB0203E}.x64|x86.Build.0 = Release|x86
		{7EE6FE89-727D-43E3-9D49-7412F7017EEF}.Debug|Any CPU.ActiveCfg = Debug|Any CPU
		{7EE6FE89-727D-43E3-9D49-7412F7017EEF}.Debug|Any CPU.Build.0 = Debug|Any CPU
		{7EE6FE89-727D-43E3-9D49-7412F7017EEF}.Debug|Mixed Platforms.ActiveCfg = Debug|x86
		{7EE6FE89-727D-43E3-9D49-7412F7017EEF}.Debug|Mixed Platforms.Build.0 = Debug|x86
		{7EE6FE89-727D-43E3-9D49-7412F7017EEF}.Debug|x64.ActiveCfg = Debug|x64
		{7EE6FE89-727D-43E3-9D49-7412F7017EEF}.Debug|x64.Build.0 = Debug|x64
		{7EE6FE89-727D-43E3-9D49-7412F7017EEF}.Debug|x86.ActiveCfg = Debug|x86
		{7EE6FE89-727D-43E3-9D49-7412F7017EEF}.Debug|x86.Build.0 = Debug|x86
		{7EE6FE89-727D-43E3-9D49-7412F7017EEF}.Release|Any CPU.ActiveCfg = Release|Any CPU
		{7EE6FE89-727D-43E3-9D49-7412F7017EEF}.Release|Any CPU.Build.0 = Release|Any CPU
		{7EE6FE89-727D-43E3-9D49-7412F7017EEF}.Release|Mixed Platforms.ActiveCfg = Release|x86
		{7EE6FE89-727D-43E3-9D49-7412F7017EEF}.Release|Mixed Platforms.Build.0 = Release|x86
		{7EE6FE89-727D-43E3-9D49-7412F7017EEF}.Release|x64.ActiveCfg = Release|x64
		{7EE6FE89-727D-43E3-9D49-7412F7017EEF}.Release|x64.Build.0 = Release|x64
		{7EE6FE89-727D-43E3-9D49-7412F7017EEF}.Release|x86.ActiveCfg = Release|x86
		{7EE6FE89-727D-43E3-9D49-7412F7017EEF}.Release|x86.Build.0 = Release|x86
		{7EE6FE89-727D-43E3-9D49-7412F7017EEF}.x64|Any CPU.ActiveCfg = Release|Any CPU
		{7EE6FE89-727D-43E3-9D49-7412F7017EEF}.x64|Any CPU.Build.0 = Release|Any CPU
		{7EE6FE89-727D-43E3-9D49-7412F7017EEF}.x64|Mixed Platforms.ActiveCfg = Release|x86
		{7EE6FE89-727D-43E3-9D49-7412F7017EEF}.x64|Mixed Platforms.Build.0 = Release|x86
		{7EE6FE89-727D-43E3-9D49-7412F7017EEF}.x64|x64.ActiveCfg = Release|x64
		{7EE6FE89-727D-43E3-9D49-7412F7017EEF}.x64|x64.Build.0 = Release|x64
		{7EE6FE89-727D-43E3-9D49-7412F7017EEF}.x64|x86.ActiveCfg = Release|x86
		{7EE6FE89-727D-43E3-9D49-7412F7017EEF}.x64|x86.Build.0 = Release|x86
		{7B244720-F2C3-4017-8F7F-8B500F9CA68A}.Debug|Any CPU.ActiveCfg = Debug|Any CPU
		{7B244720-F2C3-4017-8F7F-8B500F9CA68A}.Debug|Any CPU.Build.0 = Debug|Any CPU
		{7B244720-F2C3-4017-8F7F-8B500F9CA68A}.Debug|Mixed Platforms.ActiveCfg = Debug|x86
		{7B244720-F2C3-4017-8F7F-8B500F9CA68A}.Debug|Mixed Platforms.Build.0 = Debug|x86
		{7B244720-F2C3-4017-8F7F-8B500F9CA68A}.Debug|x64.ActiveCfg = Debug|x64
		{7B244720-F2C3-4017-8F7F-8B500F9CA68A}.Debug|x64.Build.0 = Debug|x64
		{7B244720-F2C3-4017-8F7F-8B500F9CA68A}.Debug|x86.ActiveCfg = Debug|x86
		{7B244720-F2C3-4017-8F7F-8B500F9CA68A}.Debug|x86.Build.0 = Debug|x86
		{7B244720-F2C3-4017-8F7F-8B500F9CA68A}.Release|Any CPU.ActiveCfg = Release|Any CPU
		{7B244720-F2C3-4017-8F7F-8B500F9CA68A}.Release|Any CPU.Build.0 = Release|Any CPU
		{7B244720-F2C3-4017-8F7F-8B500F9CA68A}.Release|Mixed Platforms.ActiveCfg = Release|x86
		{7B244720-F2C3-4017-8F7F-8B500F9CA68A}.Release|Mixed Platforms.Build.0 = Release|x86
		{7B244720-F2C3-4017-8F7F-8B500F9CA68A}.Release|x64.ActiveCfg = Release|x64
		{7B244720-F2C3-4017-8F7F-8B500F9CA68A}.Release|x64.Build.0 = Release|x64
		{7B244720-F2C3-4017-8F7F-8B500F9CA68A}.Release|x86.ActiveCfg = Release|x86
		{7B244720-F2C3-4017-8F7F-8B500F9CA68A}.Release|x86.Build.0 = Release|x86
		{7B244720-F2C3-4017-8F7F-8B500F9CA68A}.x64|Any CPU.ActiveCfg = Release|Any CPU
		{7B244720-F2C3-4017-8F7F-8B500F9CA68A}.x64|Any CPU.Build.0 = Release|Any CPU
		{7B244720-F2C3-4017-8F7F-8B500F9CA68A}.x64|Mixed Platforms.ActiveCfg = Release|x86
		{7B244720-F2C3-4017-8F7F-8B500F9CA68A}.x64|Mixed Platforms.Build.0 = Release|x86
		{7B244720-F2C3-4017-8F7F-8B500F9CA68A}.x64|x64.ActiveCfg = Release|x64
		{7B244720-F2C3-4017-8F7F-8B500F9CA68A}.x64|x64.Build.0 = Release|x64
		{7B244720-F2C3-4017-8F7F-8B500F9CA68A}.x64|x86.ActiveCfg = Release|x86
		{7B244720-F2C3-4017-8F7F-8B500F9CA68A}.x64|x86.Build.0 = Release|x86
		{7D525AA4-3983-4185-BBD2-7E21897CC445}.Debug|Any CPU.ActiveCfg = Debug|Any CPU
		{7D525AA4-3983-4185-BBD2-7E21897CC445}.Debug|Any CPU.Build.0 = Debug|Any CPU
		{7D525AA4-3983-4185-BBD2-7E21897CC445}.Debug|Mixed Platforms.ActiveCfg = Debug|x86
		{7D525AA4-3983-4185-BBD2-7E21897CC445}.Debug|Mixed Platforms.Build.0 = Debug|x86
		{7D525AA4-3983-4185-BBD2-7E21897CC445}.Debug|x64.ActiveCfg = Debug|x64
		{7D525AA4-3983-4185-BBD2-7E21897CC445}.Debug|x64.Build.0 = Debug|x64
		{7D525AA4-3983-4185-BBD2-7E21897CC445}.Debug|x86.ActiveCfg = Debug|x86
		{7D525AA4-3983-4185-BBD2-7E21897CC445}.Debug|x86.Build.0 = Debug|x86
		{7D525AA4-3983-4185-BBD2-7E21897CC445}.Release|Any CPU.ActiveCfg = Release|Any CPU
		{7D525AA4-3983-4185-BBD2-7E21897CC445}.Release|Any CPU.Build.0 = Release|Any CPU
		{7D525AA4-3983-4185-BBD2-7E21897CC445}.Release|Mixed Platforms.ActiveCfg = Release|x86
		{7D525AA4-3983-4185-BBD2-7E21897CC445}.Release|Mixed Platforms.Build.0 = Release|x86
		{7D525AA4-3983-4185-BBD2-7E21897CC445}.Release|x64.ActiveCfg = Release|x64
		{7D525AA4-3983-4185-BBD2-7E21897CC445}.Release|x64.Build.0 = Release|x64
		{7D525AA4-3983-4185-BBD2-7E21897CC445}.Release|x86.ActiveCfg = Release|x86
		{7D525AA4-3983-4185-BBD2-7E21897CC445}.Release|x86.Build.0 = Release|x86
		{7D525AA4-3983-4185-BBD2-7E21897CC445}.x64|Any CPU.ActiveCfg = Release|Any CPU
		{7D525AA4-3983-4185-BBD2-7E21897CC445}.x64|Any CPU.Build.0 = Release|Any CPU
		{7D525AA4-3983-4185-BBD2-7E21897CC445}.x64|Mixed Platforms.ActiveCfg = Release|x86
		{7D525AA4-3983-4185-BBD2-7E21897CC445}.x64|Mixed Platforms.Build.0 = Release|x86
		{7D525AA4-3983-4185-BBD2-7E21897CC445}.x64|x64.ActiveCfg = Release|x64
		{7D525AA4-3983-4185-BBD2-7E21897CC445}.x64|x64.Build.0 = Release|x64
		{7D525AA4-3983-4185-BBD2-7E21897CC445}.x64|x86.ActiveCfg = Release|x86
		{7D525AA4-3983-4185-BBD2-7E21897CC445}.x64|x86.Build.0 = Release|x86
		{91CE9C41-4C3D-4D47-9883-AB1CC1EE9C15}.Debug|Any CPU.ActiveCfg = Debug|Any CPU
		{91CE9C41-4C3D-4D47-9883-AB1CC1EE9C15}.Debug|Any CPU.Build.0 = Debug|Any CPU
		{91CE9C41-4C3D-4D47-9883-AB1CC1EE9C15}.Debug|Mixed Platforms.ActiveCfg = Debug|x86
		{91CE9C41-4C3D-4D47-9883-AB1CC1EE9C15}.Debug|Mixed Platforms.Build.0 = Debug|x86
		{91CE9C41-4C3D-4D47-9883-AB1CC1EE9C15}.Debug|x64.ActiveCfg = Debug|x64
		{91CE9C41-4C3D-4D47-9883-AB1CC1EE9C15}.Debug|x64.Build.0 = Debug|x64
		{91CE9C41-4C3D-4D47-9883-AB1CC1EE9C15}.Debug|x86.ActiveCfg = Debug|x86
		{91CE9C41-4C3D-4D47-9883-AB1CC1EE9C15}.Debug|x86.Build.0 = Debug|x86
		{91CE9C41-4C3D-4D47-9883-AB1CC1EE9C15}.Release|Any CPU.ActiveCfg = Release|Any CPU
		{91CE9C41-4C3D-4D47-9883-AB1CC1EE9C15}.Release|Any CPU.Build.0 = Release|Any CPU
		{91CE9C41-4C3D-4D47-9883-AB1CC1EE9C15}.Release|Mixed Platforms.ActiveCfg = Release|x86
		{91CE9C41-4C3D-4D47-9883-AB1CC1EE9C15}.Release|Mixed Platforms.Build.0 = Release|x86
		{91CE9C41-4C3D-4D47-9883-AB1CC1EE9C15}.Release|x64.ActiveCfg = Release|x64
		{91CE9C41-4C3D-4D47-9883-AB1CC1EE9C15}.Release|x64.Build.0 = Release|x64
		{91CE9C41-4C3D-4D47-9883-AB1CC1EE9C15}.Release|x86.ActiveCfg = Release|x86
		{91CE9C41-4C3D-4D47-9883-AB1CC1EE9C15}.Release|x86.Build.0 = Release|x86
		{91CE9C41-4C3D-4D47-9883-AB1CC1EE9C15}.x64|Any CPU.ActiveCfg = Release|Any CPU
		{91CE9C41-4C3D-4D47-9883-AB1CC1EE9C15}.x64|Any CPU.Build.0 = Release|Any CPU
		{91CE9C41-4C3D-4D47-9883-AB1CC1EE9C15}.x64|Mixed Platforms.ActiveCfg = Release|x86
		{91CE9C41-4C3D-4D47-9883-AB1CC1EE9C15}.x64|Mixed Platforms.Build.0 = Release|x86
		{91CE9C41-4C3D-4D47-9883-AB1CC1EE9C15}.x64|x64.ActiveCfg = Release|x64
		{91CE9C41-4C3D-4D47-9883-AB1CC1EE9C15}.x64|x64.Build.0 = Release|x64
		{91CE9C41-4C3D-4D47-9883-AB1CC1EE9C15}.x64|x86.ActiveCfg = Release|x86
		{91CE9C41-4C3D-4D47-9883-AB1CC1EE9C15}.x64|x86.Build.0 = Release|x86
		{5D6CA7B3-FC33-4645-86CB-4F31A0EAC819}.Debug|Any CPU.ActiveCfg = Debug|Any CPU
		{5D6CA7B3-FC33-4645-86CB-4F31A0EAC819}.Debug|Any CPU.Build.0 = Debug|Any CPU
		{5D6CA7B3-FC33-4645-86CB-4F31A0EAC819}.Debug|Mixed Platforms.ActiveCfg = Debug|x86
		{5D6CA7B3-FC33-4645-86CB-4F31A0EAC819}.Debug|Mixed Platforms.Build.0 = Debug|x86
		{5D6CA7B3-FC33-4645-86CB-4F31A0EAC819}.Debug|x64.ActiveCfg = Debug|x64
		{5D6CA7B3-FC33-4645-86CB-4F31A0EAC819}.Debug|x64.Build.0 = Debug|x64
		{5D6CA7B3-FC33-4645-86CB-4F31A0EAC819}.Debug|x86.ActiveCfg = Debug|x86
		{5D6CA7B3-FC33-4645-86CB-4F31A0EAC819}.Debug|x86.Build.0 = Debug|x86
		{5D6CA7B3-FC33-4645-86CB-4F31A0EAC819}.Release|Any CPU.ActiveCfg = Release|Any CPU
		{5D6CA7B3-FC33-4645-86CB-4F31A0EAC819}.Release|Any CPU.Build.0 = Release|Any CPU
		{5D6CA7B3-FC33-4645-86CB-4F31A0EAC819}.Release|Mixed Platforms.ActiveCfg = Release|x86
		{5D6CA7B3-FC33-4645-86CB-4F31A0EAC819}.Release|Mixed Platforms.Build.0 = Release|x86
		{5D6CA7B3-FC33-4645-86CB-4F31A0EAC819}.Release|x64.ActiveCfg = Release|x64
		{5D6CA7B3-FC33-4645-86CB-4F31A0EAC819}.Release|x64.Build.0 = Release|x64
		{5D6CA7B3-FC33-4645-86CB-4F31A0EAC819}.Release|x86.ActiveCfg = Release|x86
		{5D6CA7B3-FC33-4645-86CB-4F31A0EAC819}.Release|x86.Build.0 = Release|x86
		{5D6CA7B3-FC33-4645-86CB-4F31A0EAC819}.x64|Any CPU.ActiveCfg = Release|Any CPU
		{5D6CA7B3-FC33-4645-86CB-4F31A0EAC819}.x64|Any CPU.Build.0 = Release|Any CPU
		{5D6CA7B3-FC33-4645-86CB-4F31A0EAC819}.x64|Mixed Platforms.ActiveCfg = Release|x86
		{5D6CA7B3-FC33-4645-86CB-4F31A0EAC819}.x64|Mixed Platforms.Build.0 = Release|x86
		{5D6CA7B3-FC33-4645-86CB-4F31A0EAC819}.x64|x64.ActiveCfg = Release|x64
		{5D6CA7B3-FC33-4645-86CB-4F31A0EAC819}.x64|x64.Build.0 = Release|x64
		{5D6CA7B3-FC33-4645-86CB-4F31A0EAC819}.x64|x86.ActiveCfg = Release|x86
		{5D6CA7B3-FC33-4645-86CB-4F31A0EAC819}.x64|x86.Build.0 = Release|x86
		{94E09330-43D3-4340-AE9D-46EBA4B2D5AC}.Debug|Any CPU.ActiveCfg = Debug|Any CPU
		{94E09330-43D3-4340-AE9D-46EBA4B2D5AC}.Debug|Any CPU.Build.0 = Debug|Any CPU
		{94E09330-43D3-4340-AE9D-46EBA4B2D5AC}.Debug|Mixed Platforms.ActiveCfg = Debug|x86
		{94E09330-43D3-4340-AE9D-46EBA4B2D5AC}.Debug|Mixed Platforms.Build.0 = Debug|x86
		{94E09330-43D3-4340-AE9D-46EBA4B2D5AC}.Debug|x64.ActiveCfg = Debug|x64
		{94E09330-43D3-4340-AE9D-46EBA4B2D5AC}.Debug|x64.Build.0 = Debug|x64
		{94E09330-43D3-4340-AE9D-46EBA4B2D5AC}.Debug|x86.ActiveCfg = Debug|x86
		{94E09330-43D3-4340-AE9D-46EBA4B2D5AC}.Debug|x86.Build.0 = Debug|x86
		{94E09330-43D3-4340-AE9D-46EBA4B2D5AC}.Release|Any CPU.ActiveCfg = Release|Any CPU
		{94E09330-43D3-4340-AE9D-46EBA4B2D5AC}.Release|Any CPU.Build.0 = Release|Any CPU
		{94E09330-43D3-4340-AE9D-46EBA4B2D5AC}.Release|Mixed Platforms.ActiveCfg = Release|x86
		{94E09330-43D3-4340-AE9D-46EBA4B2D5AC}.Release|Mixed Platforms.Build.0 = Release|x86
		{94E09330-43D3-4340-AE9D-46EBA4B2D5AC}.Release|x64.ActiveCfg = Release|x64
		{94E09330-43D3-4340-AE9D-46EBA4B2D5AC}.Release|x64.Build.0 = Release|x64
		{94E09330-43D3-4340-AE9D-46EBA4B2D5AC}.Release|x86.ActiveCfg = Release|x86
		{94E09330-43D3-4340-AE9D-46EBA4B2D5AC}.Release|x86.Build.0 = Release|x86
		{94E09330-43D3-4340-AE9D-46EBA4B2D5AC}.x64|Any CPU.ActiveCfg = Release|Any CPU
		{94E09330-43D3-4340-AE9D-46EBA4B2D5AC}.x64|Any CPU.Build.0 = Release|Any CPU
		{94E09330-43D3-4340-AE9D-46EBA4B2D5AC}.x64|Mixed Platforms.ActiveCfg = Release|x86
		{94E09330-43D3-4340-AE9D-46EBA4B2D5AC}.x64|Mixed Platforms.Build.0 = Release|x86
		{94E09330-43D3-4340-AE9D-46EBA4B2D5AC}.x64|x64.ActiveCfg = Release|x64
		{94E09330-43D3-4340-AE9D-46EBA4B2D5AC}.x64|x64.Build.0 = Release|x64
		{94E09330-43D3-4340-AE9D-46EBA4B2D5AC}.x64|x86.ActiveCfg = Release|x86
		{94E09330-43D3-4340-AE9D-46EBA4B2D5AC}.x64|x86.Build.0 = Release|x86
		{6F1274B7-D2A6-41D3-9C41-32C97BC08FF3}.Debug|Any CPU.ActiveCfg = Debug|Any CPU
		{6F1274B7-D2A6-41D3-9C41-32C97BC08FF3}.Debug|Any CPU.Build.0 = Debug|Any CPU
		{6F1274B7-D2A6-41D3-9C41-32C97BC08FF3}.Debug|Mixed Platforms.ActiveCfg = Debug|Any CPU
		{6F1274B7-D2A6-41D3-9C41-32C97BC08FF3}.Debug|Mixed Platforms.Build.0 = Debug|Any CPU
		{6F1274B7-D2A6-41D3-9C41-32C97BC08FF3}.Debug|x64.ActiveCfg = Debug|Any CPU
		{6F1274B7-D2A6-41D3-9C41-32C97BC08FF3}.Debug|x86.ActiveCfg = Debug|Any CPU
		{6F1274B7-D2A6-41D3-9C41-32C97BC08FF3}.Release|Any CPU.ActiveCfg = Release|Any CPU
		{6F1274B7-D2A6-41D3-9C41-32C97BC08FF3}.Release|Any CPU.Build.0 = Release|Any CPU
		{6F1274B7-D2A6-41D3-9C41-32C97BC08FF3}.Release|Mixed Platforms.ActiveCfg = Release|Any CPU
		{6F1274B7-D2A6-41D3-9C41-32C97BC08FF3}.Release|Mixed Platforms.Build.0 = Release|Any CPU
		{6F1274B7-D2A6-41D3-9C41-32C97BC08FF3}.Release|x64.ActiveCfg = Release|Any CPU
		{6F1274B7-D2A6-41D3-9C41-32C97BC08FF3}.Release|x86.ActiveCfg = Release|Any CPU
		{6F1274B7-D2A6-41D3-9C41-32C97BC08FF3}.x64|Any CPU.ActiveCfg = Release|Any CPU
		{6F1274B7-D2A6-41D3-9C41-32C97BC08FF3}.x64|Any CPU.Build.0 = Release|Any CPU
		{6F1274B7-D2A6-41D3-9C41-32C97BC08FF3}.x64|Mixed Platforms.ActiveCfg = Release|Any CPU
		{6F1274B7-D2A6-41D3-9C41-32C97BC08FF3}.x64|Mixed Platforms.Build.0 = Release|Any CPU
		{6F1274B7-D2A6-41D3-9C41-32C97BC08FF3}.x64|x64.ActiveCfg = Release|Any CPU
		{6F1274B7-D2A6-41D3-9C41-32C97BC08FF3}.x64|x86.ActiveCfg = Release|Any CPU
		{AB1BB87F-DC33-471D-944F-0111AF713717}.Debug|Any CPU.ActiveCfg = Debug|Any CPU
		{AB1BB87F-DC33-471D-944F-0111AF713717}.Debug|Any CPU.Build.0 = Debug|Any CPU
		{AB1BB87F-DC33-471D-944F-0111AF713717}.Debug|Mixed Platforms.ActiveCfg = Debug|Any CPU
		{AB1BB87F-DC33-471D-944F-0111AF713717}.Debug|Mixed Platforms.Build.0 = Debug|Any CPU
		{AB1BB87F-DC33-471D-944F-0111AF713717}.Debug|x64.ActiveCfg = Debug|x64
		{AB1BB87F-DC33-471D-944F-0111AF713717}.Debug|x64.Build.0 = Debug|x64
		{AB1BB87F-DC33-471D-944F-0111AF713717}.Debug|x86.ActiveCfg = Debug|Any CPU
		{AB1BB87F-DC33-471D-944F-0111AF713717}.Release|Any CPU.ActiveCfg = Release|Any CPU
		{AB1BB87F-DC33-471D-944F-0111AF713717}.Release|Any CPU.Build.0 = Release|Any CPU
		{AB1BB87F-DC33-471D-944F-0111AF713717}.Release|Mixed Platforms.ActiveCfg = Release|Any CPU
		{AB1BB87F-DC33-471D-944F-0111AF713717}.Release|Mixed Platforms.Build.0 = Release|Any CPU
		{AB1BB87F-DC33-471D-944F-0111AF713717}.Release|x64.ActiveCfg = Release|x64
		{AB1BB87F-DC33-471D-944F-0111AF713717}.Release|x64.Build.0 = Release|x64
		{AB1BB87F-DC33-471D-944F-0111AF713717}.Release|x86.ActiveCfg = Release|Any CPU
		{AB1BB87F-DC33-471D-944F-0111AF713717}.x64|Any CPU.ActiveCfg = x64|Any CPU
		{AB1BB87F-DC33-471D-944F-0111AF713717}.x64|Any CPU.Build.0 = x64|Any CPU
		{AB1BB87F-DC33-471D-944F-0111AF713717}.x64|Mixed Platforms.ActiveCfg = x64|Any CPU
		{AB1BB87F-DC33-471D-944F-0111AF713717}.x64|Mixed Platforms.Build.0 = x64|Any CPU
		{AB1BB87F-DC33-471D-944F-0111AF713717}.x64|x64.ActiveCfg = x64|x64
		{AB1BB87F-DC33-471D-944F-0111AF713717}.x64|x64.Build.0 = x64|x64
		{AB1BB87F-DC33-471D-944F-0111AF713717}.x64|x86.ActiveCfg = x64|Any CPU
		{73B620F8-F1B5-400F-A76D-45641DE407D7}.Debug|Any CPU.ActiveCfg = Debug|Any CPU
		{73B620F8-F1B5-400F-A76D-45641DE407D7}.Debug|Any CPU.Build.0 = Debug|Any CPU
		{73B620F8-F1B5-400F-A76D-45641DE407D7}.Debug|Mixed Platforms.ActiveCfg = Debug|Any CPU
		{73B620F8-F1B5-400F-A76D-45641DE407D7}.Debug|Mixed Platforms.Build.0 = Debug|Any CPU
		{73B620F8-F1B5-400F-A76D-45641DE407D7}.Debug|x64.ActiveCfg = Debug|Any CPU
		{73B620F8-F1B5-400F-A76D-45641DE407D7}.Debug|x86.ActiveCfg = Debug|Any CPU
		{73B620F8-F1B5-400F-A76D-45641DE407D7}.Release|Any CPU.ActiveCfg = Release|Any CPU
		{73B620F8-F1B5-400F-A76D-45641DE407D7}.Release|Any CPU.Build.0 = Release|Any CPU
		{73B620F8-F1B5-400F-A76D-45641DE407D7}.Release|Mixed Platforms.ActiveCfg = Release|Any CPU
		{73B620F8-F1B5-400F-A76D-45641DE407D7}.Release|Mixed Platforms.Build.0 = Release|Any CPU
		{73B620F8-F1B5-400F-A76D-45641DE407D7}.Release|x64.ActiveCfg = Release|Any CPU
		{73B620F8-F1B5-400F-A76D-45641DE407D7}.Release|x86.ActiveCfg = Release|Any CPU
		{73B620F8-F1B5-400F-A76D-45641DE407D7}.x64|Any CPU.ActiveCfg = Release|Any CPU
		{73B620F8-F1B5-400F-A76D-45641DE407D7}.x64|Any CPU.Build.0 = Release|Any CPU
		{73B620F8-F1B5-400F-A76D-45641DE407D7}.x64|Mixed Platforms.ActiveCfg = Release|Any CPU
		{73B620F8-F1B5-400F-A76D-45641DE407D7}.x64|Mixed Platforms.Build.0 = Release|Any CPU
		{73B620F8-F1B5-400F-A76D-45641DE407D7}.x64|x64.ActiveCfg = Release|Any CPU
		{73B620F8-F1B5-400F-A76D-45641DE407D7}.x64|x86.ActiveCfg = Release|Any CPU
		{37E1EF72-2999-4204-A0FD-A99EB3C78E44}.Debug|Any CPU.ActiveCfg = Debug|Any CPU
		{37E1EF72-2999-4204-A0FD-A99EB3C78E44}.Debug|Any CPU.Build.0 = Debug|Any CPU
		{37E1EF72-2999-4204-A0FD-A99EB3C78E44}.Debug|Mixed Platforms.ActiveCfg = Debug|Any CPU
		{37E1EF72-2999-4204-A0FD-A99EB3C78E44}.Debug|Mixed Platforms.Build.0 = Debug|Any CPU
		{37E1EF72-2999-4204-A0FD-A99EB3C78E44}.Debug|x64.ActiveCfg = Debug|Any CPU
		{37E1EF72-2999-4204-A0FD-A99EB3C78E44}.Debug|x86.ActiveCfg = Debug|Any CPU
		{37E1EF72-2999-4204-A0FD-A99EB3C78E44}.Release|Any CPU.ActiveCfg = Release|Any CPU
		{37E1EF72-2999-4204-A0FD-A99EB3C78E44}.Release|Any CPU.Build.0 = Release|Any CPU
		{37E1EF72-2999-4204-A0FD-A99EB3C78E44}.Release|Mixed Platforms.ActiveCfg = Release|Any CPU
		{37E1EF72-2999-4204-A0FD-A99EB3C78E44}.Release|Mixed Platforms.Build.0 = Release|Any CPU
		{37E1EF72-2999-4204-A0FD-A99EB3C78E44}.Release|x64.ActiveCfg = Release|Any CPU
		{37E1EF72-2999-4204-A0FD-A99EB3C78E44}.Release|x86.ActiveCfg = Release|Any CPU
		{37E1EF72-2999-4204-A0FD-A99EB3C78E44}.x64|Any CPU.ActiveCfg = Release|Any CPU
		{37E1EF72-2999-4204-A0FD-A99EB3C78E44}.x64|Any CPU.Build.0 = Release|Any CPU
		{37E1EF72-2999-4204-A0FD-A99EB3C78E44}.x64|Mixed Platforms.ActiveCfg = Release|Any CPU
		{37E1EF72-2999-4204-A0FD-A99EB3C78E44}.x64|Mixed Platforms.Build.0 = Release|Any CPU
		{37E1EF72-2999-4204-A0FD-A99EB3C78E44}.x64|x64.ActiveCfg = Release|Any CPU
		{37E1EF72-2999-4204-A0FD-A99EB3C78E44}.x64|x86.ActiveCfg = Release|Any CPU
		{3F5A9AA1-7CD0-475D-B4D1-1907008A0582}.Debug|Any CPU.ActiveCfg = Debug|Any CPU
		{3F5A9AA1-7CD0-475D-B4D1-1907008A0582}.Debug|Any CPU.Build.0 = Debug|Any CPU
		{3F5A9AA1-7CD0-475D-B4D1-1907008A0582}.Debug|Mixed Platforms.ActiveCfg = Debug|Any CPU
		{3F5A9AA1-7CD0-475D-B4D1-1907008A0582}.Debug|Mixed Platforms.Build.0 = Debug|Any CPU
		{3F5A9AA1-7CD0-475D-B4D1-1907008A0582}.Debug|x64.ActiveCfg = Debug|Any CPU
		{3F5A9AA1-7CD0-475D-B4D1-1907008A0582}.Debug|x86.ActiveCfg = Debug|Any CPU
		{3F5A9AA1-7CD0-475D-B4D1-1907008A0582}.Release|Any CPU.ActiveCfg = Release|Any CPU
		{3F5A9AA1-7CD0-475D-B4D1-1907008A0582}.Release|Any CPU.Build.0 = Release|Any CPU
		{3F5A9AA1-7CD0-475D-B4D1-1907008A0582}.Release|Mixed Platforms.ActiveCfg = Release|Any CPU
		{3F5A9AA1-7CD0-475D-B4D1-1907008A0582}.Release|Mixed Platforms.Build.0 = Release|Any CPU
		{3F5A9AA1-7CD0-475D-B4D1-1907008A0582}.Release|x64.ActiveCfg = Release|Any CPU
		{3F5A9AA1-7CD0-475D-B4D1-1907008A0582}.Release|x86.ActiveCfg = Release|Any CPU
		{3F5A9AA1-7CD0-475D-B4D1-1907008A0582}.x64|Any CPU.ActiveCfg = Release|Any CPU
		{3F5A9AA1-7CD0-475D-B4D1-1907008A0582}.x64|Any CPU.Build.0 = Release|Any CPU
		{3F5A9AA1-7CD0-475D-B4D1-1907008A0582}.x64|Mixed Platforms.ActiveCfg = Release|Any CPU
		{3F5A9AA1-7CD0-475D-B4D1-1907008A0582}.x64|Mixed Platforms.Build.0 = Release|Any CPU
		{3F5A9AA1-7CD0-475D-B4D1-1907008A0582}.x64|x64.ActiveCfg = Release|Any CPU
		{3F5A9AA1-7CD0-475D-B4D1-1907008A0582}.x64|x86.ActiveCfg = Release|Any CPU
		{8B2FDDD8-DF76-46DB-8F42-94A00DB167DD}.Debug|Any CPU.ActiveCfg = Debug|Any CPU
		{8B2FDDD8-DF76-46DB-8F42-94A00DB167DD}.Debug|Any CPU.Build.0 = Debug|Any CPU
		{8B2FDDD8-DF76-46DB-8F42-94A00DB167DD}.Debug|Mixed Platforms.ActiveCfg = Debug|Any CPU
		{8B2FDDD8-DF76-46DB-8F42-94A00DB167DD}.Debug|Mixed Platforms.Build.0 = Debug|Any CPU
		{8B2FDDD8-DF76-46DB-8F42-94A00DB167DD}.Debug|x64.ActiveCfg = Debug|Any CPU
		{8B2FDDD8-DF76-46DB-8F42-94A00DB167DD}.Debug|x86.ActiveCfg = Debug|Any CPU
		{8B2FDDD8-DF76-46DB-8F42-94A00DB167DD}.Release|Any CPU.ActiveCfg = Release|Any CPU
		{8B2FDDD8-DF76-46DB-8F42-94A00DB167DD}.Release|Any CPU.Build.0 = Release|Any CPU
		{8B2FDDD8-DF76-46DB-8F42-94A00DB167DD}.Release|Mixed Platforms.ActiveCfg = Release|Any CPU
		{8B2FDDD8-DF76-46DB-8F42-94A00DB167DD}.Release|Mixed Platforms.Build.0 = Release|Any CPU
		{8B2FDDD8-DF76-46DB-8F42-94A00DB167DD}.Release|x64.ActiveCfg = Release|Any CPU
		{8B2FDDD8-DF76-46DB-8F42-94A00DB167DD}.Release|x86.ActiveCfg = Release|Any CPU
		{8B2FDDD8-DF76-46DB-8F42-94A00DB167DD}.x64|Any CPU.ActiveCfg = Release|Any CPU
		{8B2FDDD8-DF76-46DB-8F42-94A00DB167DD}.x64|Any CPU.Build.0 = Release|Any CPU
		{8B2FDDD8-DF76-46DB-8F42-94A00DB167DD}.x64|Mixed Platforms.ActiveCfg = Release|Any CPU
		{8B2FDDD8-DF76-46DB-8F42-94A00DB167DD}.x64|Mixed Platforms.Build.0 = Release|Any CPU
		{8B2FDDD8-DF76-46DB-8F42-94A00DB167DD}.x64|x64.ActiveCfg = Release|Any CPU
		{8B2FDDD8-DF76-46DB-8F42-94A00DB167DD}.x64|x86.ActiveCfg = Release|Any CPU
		{856A2758-18FD-4B30-B9B3-FE66ADB7E380}.Debug|Any CPU.ActiveCfg = Debug|Any CPU
		{856A2758-18FD-4B30-B9B3-FE66ADB7E380}.Debug|Any CPU.Build.0 = Debug|Any CPU
		{856A2758-18FD-4B30-B9B3-FE66ADB7E380}.Debug|Mixed Platforms.ActiveCfg = Debug|Any CPU
		{856A2758-18FD-4B30-B9B3-FE66ADB7E380}.Debug|Mixed Platforms.Build.0 = Debug|Any CPU
		{856A2758-18FD-4B30-B9B3-FE66ADB7E380}.Debug|x64.ActiveCfg = Debug|x64
		{856A2758-18FD-4B30-B9B3-FE66ADB7E380}.Debug|x64.Build.0 = Debug|x64
		{856A2758-18FD-4B30-B9B3-FE66ADB7E380}.Debug|x86.ActiveCfg = Debug|Any CPU
		{856A2758-18FD-4B30-B9B3-FE66ADB7E380}.Release|Any CPU.ActiveCfg = Release|Any CPU
		{856A2758-18FD-4B30-B9B3-FE66ADB7E380}.Release|Any CPU.Build.0 = Release|Any CPU
		{856A2758-18FD-4B30-B9B3-FE66ADB7E380}.Release|Mixed Platforms.ActiveCfg = Release|Any CPU
		{856A2758-18FD-4B30-B9B3-FE66ADB7E380}.Release|Mixed Platforms.Build.0 = Release|Any CPU
		{856A2758-18FD-4B30-B9B3-FE66ADB7E380}.Release|x64.ActiveCfg = Release|x64
		{856A2758-18FD-4B30-B9B3-FE66ADB7E380}.Release|x64.Build.0 = Release|x64
		{856A2758-18FD-4B30-B9B3-FE66ADB7E380}.Release|x86.ActiveCfg = Release|Any CPU
		{856A2758-18FD-4B30-B9B3-FE66ADB7E380}.x64|Any CPU.ActiveCfg = x64|Any CPU
		{856A2758-18FD-4B30-B9B3-FE66ADB7E380}.x64|Any CPU.Build.0 = x64|Any CPU
		{856A2758-18FD-4B30-B9B3-FE66ADB7E380}.x64|Mixed Platforms.ActiveCfg = x64|Any CPU
		{856A2758-18FD-4B30-B9B3-FE66ADB7E380}.x64|Mixed Platforms.Build.0 = x64|Any CPU
		{856A2758-18FD-4B30-B9B3-FE66ADB7E380}.x64|x64.ActiveCfg = x64|x64
		{856A2758-18FD-4B30-B9B3-FE66ADB7E380}.x64|x64.Build.0 = x64|x64
		{856A2758-18FD-4B30-B9B3-FE66ADB7E380}.x64|x86.ActiveCfg = x64|Any CPU
		{B8F1F5BC-736E-45EC-B2F9-A0AA1D8B77A0}.Debug|Any CPU.ActiveCfg = Debug|Any CPU
		{B8F1F5BC-736E-45EC-B2F9-A0AA1D8B77A0}.Debug|Any CPU.Build.0 = Debug|Any CPU
		{B8F1F5BC-736E-45EC-B2F9-A0AA1D8B77A0}.Debug|Mixed Platforms.ActiveCfg = Debug|Any CPU
		{B8F1F5BC-736E-45EC-B2F9-A0AA1D8B77A0}.Debug|Mixed Platforms.Build.0 = Debug|Any CPU
		{B8F1F5BC-736E-45EC-B2F9-A0AA1D8B77A0}.Debug|x64.ActiveCfg = Debug|x64
		{B8F1F5BC-736E-45EC-B2F9-A0AA1D8B77A0}.Debug|x64.Build.0 = Debug|x64
		{B8F1F5BC-736E-45EC-B2F9-A0AA1D8B77A0}.Debug|x86.ActiveCfg = Debug|Any CPU
		{B8F1F5BC-736E-45EC-B2F9-A0AA1D8B77A0}.Release|Any CPU.ActiveCfg = Release|Any CPU
		{B8F1F5BC-736E-45EC-B2F9-A0AA1D8B77A0}.Release|Any CPU.Build.0 = Release|Any CPU
		{B8F1F5BC-736E-45EC-B2F9-A0AA1D8B77A0}.Release|Mixed Platforms.ActiveCfg = Release|Any CPU
		{B8F1F5BC-736E-45EC-B2F9-A0AA1D8B77A0}.Release|Mixed Platforms.Build.0 = Release|Any CPU
		{B8F1F5BC-736E-45EC-B2F9-A0AA1D8B77A0}.Release|x64.ActiveCfg = Release|x64
		{B8F1F5BC-736E-45EC-B2F9-A0AA1D8B77A0}.Release|x64.Build.0 = Release|x64
		{B8F1F5BC-736E-45EC-B2F9-A0AA1D8B77A0}.Release|x86.ActiveCfg = Release|Any CPU
		{B8F1F5BC-736E-45EC-B2F9-A0AA1D8B77A0}.x64|Any CPU.ActiveCfg = x64|Any CPU
		{B8F1F5BC-736E-45EC-B2F9-A0AA1D8B77A0}.x64|Any CPU.Build.0 = x64|Any CPU
		{B8F1F5BC-736E-45EC-B2F9-A0AA1D8B77A0}.x64|Mixed Platforms.ActiveCfg = x64|Any CPU
		{B8F1F5BC-736E-45EC-B2F9-A0AA1D8B77A0}.x64|Mixed Platforms.Build.0 = x64|Any CPU
		{B8F1F5BC-736E-45EC-B2F9-A0AA1D8B77A0}.x64|x64.ActiveCfg = x64|x64
		{B8F1F5BC-736E-45EC-B2F9-A0AA1D8B77A0}.x64|x64.Build.0 = x64|x64
		{B8F1F5BC-736E-45EC-B2F9-A0AA1D8B77A0}.x64|x86.ActiveCfg = x64|Any CPU
		{799E374F-C412-4FAC-9141-F6AF98A25451}.Debug|Any CPU.ActiveCfg = Debug|Any CPU
		{799E374F-C412-4FAC-9141-F6AF98A25451}.Debug|Any CPU.Build.0 = Debug|Any CPU
		{799E374F-C412-4FAC-9141-F6AF98A25451}.Debug|Mixed Platforms.ActiveCfg = Debug|Any CPU
		{799E374F-C412-4FAC-9141-F6AF98A25451}.Debug|Mixed Platforms.Build.0 = Debug|Any CPU
		{799E374F-C412-4FAC-9141-F6AF98A25451}.Debug|x64.ActiveCfg = Debug|Any CPU
		{799E374F-C412-4FAC-9141-F6AF98A25451}.Debug|x86.ActiveCfg = Debug|Any CPU
		{799E374F-C412-4FAC-9141-F6AF98A25451}.Release|Any CPU.ActiveCfg = Release|Any CPU
		{799E374F-C412-4FAC-9141-F6AF98A25451}.Release|Any CPU.Build.0 = Release|Any CPU
		{799E374F-C412-4FAC-9141-F6AF98A25451}.Release|Mixed Platforms.ActiveCfg = Release|Any CPU
		{799E374F-C412-4FAC-9141-F6AF98A25451}.Release|Mixed Platforms.Build.0 = Release|Any CPU
		{799E374F-C412-4FAC-9141-F6AF98A25451}.Release|x64.ActiveCfg = Release|Any CPU
		{799E374F-C412-4FAC-9141-F6AF98A25451}.Release|x86.ActiveCfg = Release|Any CPU
		{799E374F-C412-4FAC-9141-F6AF98A25451}.x64|Any CPU.ActiveCfg = Release|Any CPU
		{799E374F-C412-4FAC-9141-F6AF98A25451}.x64|Any CPU.Build.0 = Release|Any CPU
		{799E374F-C412-4FAC-9141-F6AF98A25451}.x64|Mixed Platforms.ActiveCfg = Release|Any CPU
		{799E374F-C412-4FAC-9141-F6AF98A25451}.x64|Mixed Platforms.Build.0 = Release|Any CPU
		{799E374F-C412-4FAC-9141-F6AF98A25451}.x64|x64.ActiveCfg = Release|Any CPU
		{799E374F-C412-4FAC-9141-F6AF98A25451}.x64|x86.ActiveCfg = Release|Any CPU
	EndGlobalSection
	GlobalSection(SolutionProperties) = preSolution
		HideSolutionNode = FALSE
	EndGlobalSection
	GlobalSection(NestedProjects) = preSolution
		{9E589099-F064-47C6-9D14-3A54ADA6C8E6} = {004EC702-A8B1-4FCD-B13B-4F0CAF0E1127}
		{A8B758B6-6B17-4A88-A403-486DB03A960A} = {221CEC1D-5E44-4466-B336-4E33A4D5DBE6}
		{AF7D41E0-B389-471E-B5F4-320B74425FEC} = {221CEC1D-5E44-4466-B336-4E33A4D5DBE6}
		{A72FA555-4430-4D54-9F72-84F6F225B911} = {221CEC1D-5E44-4466-B336-4E33A4D5DBE6}
		{D90661C7-C0E2-40F5-A917-07483FB8C2E8} = {221CEC1D-5E44-4466-B336-4E33A4D5DBE6}
		{68B43267-0F87-49A6-9050-509F66A4E138} = {221CEC1D-5E44-4466-B336-4E33A4D5DBE6}
		{B4F56983-5B1C-42C7-B872-AE3A5545C02D} = {9D660175-6FEB-4F42-AE90-C9870FBDAB29}
		{36CAC611-2F82-456D-923D-EF959AEB5BBA} = {596F5BC3-6107-44FD-86C8-1E40526AC005}
		{B772FEE1-DA0F-4B31-9C12-E84FA6A235C4} = {08F11CCA-78C2-4535-929C-99B863AEC2E9}
		{9086F32C-F64A-4D86-8698-52CCBA7C99AA} = {596F5BC3-6107-44FD-86C8-1E40526AC005}
		{A74EE4E3-7AB5-4317-9768-8068D5F50323} = {08F11CCA-78C2-4535-929C-99B863AEC2E9}
		{7C1FF503-37C0-4AA4-94EA-4201047E2DA6} = {08F11CCA-78C2-4535-929C-99B863AEC2E9}
		{4908C023-6918-4F48-9612-DE6D171EA157} = {08F11CCA-78C2-4535-929C-99B863AEC2E9}
		{1325D981-986A-4D32-8A34-66F9B43D718B} = {08F11CCA-78C2-4535-929C-99B863AEC2E9}
		{8F8E295A-A3D4-4B03-ACAC-3060109F3F72} = {08F11CCA-78C2-4535-929C-99B863AEC2E9}
		{7EE6FE89-727D-43E3-9D49-7412F7017EEF} = {221CEC1D-5E44-4466-B336-4E33A4D5DBE6}
		{7D525AA4-3983-4185-BBD2-7E21897CC445} = {596F5BC3-6107-44FD-86C8-1E40526AC005}
		{91CE9C41-4C3D-4D47-9883-AB1CC1EE9C15} = {9D660175-6FEB-4F42-AE90-C9870FBDAB29}
		{5D6CA7B3-FC33-4645-86CB-4F31A0EAC819} = {08F11CCA-78C2-4535-929C-99B863AEC2E9}
		{94E09330-43D3-4340-AE9D-46EBA4B2D5AC} = {004EC702-A8B1-4FCD-B13B-4F0CAF0E1127}
		{6F1274B7-D2A6-41D3-9C41-32C97BC08FF3} = {004EC702-A8B1-4FCD-B13B-4F0CAF0E1127}
		{AB1BB87F-DC33-471D-944F-0111AF713717} = {596F5BC3-6107-44FD-86C8-1E40526AC005}
		{73B620F8-F1B5-400F-A76D-45641DE407D7} = {08F11CCA-78C2-4535-929C-99B863AEC2E9}
		{37E1EF72-2999-4204-A0FD-A99EB3C78E44} = {08F11CCA-78C2-4535-929C-99B863AEC2E9}
		{3F5A9AA1-7CD0-475D-B4D1-1907008A0582} = {08F11CCA-78C2-4535-929C-99B863AEC2E9}
		{8B2FDDD8-DF76-46DB-8F42-94A00DB167DD} = {08F11CCA-78C2-4535-929C-99B863AEC2E9}
		{856A2758-18FD-4B30-B9B3-FE66ADB7E380} = {221CEC1D-5E44-4466-B336-4E33A4D5DBE6}
		{B8F1F5BC-736E-45EC-B2F9-A0AA1D8B77A0} = {221CEC1D-5E44-4466-B336-4E33A4D5DBE6}
		{08F11CCA-78C2-4535-929C-99B863AEC2E9} = {4A3A1E81-5F15-4950-BB17-C295F18B7A87}
		{221CEC1D-5E44-4466-B336-4E33A4D5DBE6} = {4A3A1E81-5F15-4950-BB17-C295F18B7A87}
		{596F5BC3-6107-44FD-86C8-1E40526AC005} = {4A3A1E81-5F15-4950-BB17-C295F18B7A87}
		{9D660175-6FEB-4F42-AE90-C9870FBDAB29} = {4A3A1E81-5F15-4950-BB17-C295F18B7A87}
		{004EC702-A8B1-4FCD-B13B-4F0CAF0E1127} = {4A3A1E81-5F15-4950-BB17-C295F18B7A87}
		{799E374F-C412-4FAC-9141-F6AF98A25451} = {08F11CCA-78C2-4535-929C-99B863AEC2E9}
	EndGlobalSection
EndGlobal
