
Microsoft Visual Studio Solution File, Format Version 12.00
# Visual Studio Express 2013 for Web
VisualStudioVersion = 12.0.30723.0
MinimumVisualStudioVersion = 10.0.40219.1
Project("{FAE04EC0-301F-11D3-BF4B-00C04F79EFBC}") = "WebApi.Console", "WebApi.Console\WebApi.Console.csproj", "{9BD6C0B0-B741-4121-B342-2BFFCE8E5A7F}"
EndProject
Project("{2150E333-8FDC-42A3-9474-1A3956D46DE8}") = "DataBase", "DataBase", "{B0EF5880-F816-4EBF-9FAA-DA6F0DEBFD3A}"
EndProject
Project("{FAE04EC0-301F-11D3-BF4B-00C04F79EFBC}") = "WebApi.DataBase.Oracle", "WebApi.DataBase.Oracle\WebApi.DataBase.Oracle.csproj", "{8D9822EF-6347-49A1-9715-701B11CD47B2}"
EndProject
Project("{2150E333-8FDC-42A3-9474-1A3956D46DE8}") = "Resources", "Resources", "{51FA70E6-AB63-47E1-85E7-7E366EB255CD}"
EndProject
Project("{2150E333-8FDC-42A3-9474-1A3956D46DE8}") = "packages", "packages", "{A5F753C8-2F24-4D27-8BC6-D09E960F850E}"
EndProject
Project("{2150E333-8FDC-42A3-9474-1A3956D46DE8}") = "ORA", "ORA", "{5454CAEF-EECD-4410-AC2D-1DD6B3DD6A9E}"
EndProject
Project("{2150E333-8FDC-42A3-9474-1A3956D46DE8}") = "WebApi.Tests", "WebApi.Tests", "{46603814-8B40-4065-A717-01ACB733E596}"
EndProject
Project("{FAE04EC0-301F-11D3-BF4B-00C04F79EFBC}") = "WebApi.Tests.DataBase.Oracle", "WebApi.Tests.DataBase.Oracle\WebApi.Tests.DataBase.Oracle.csproj", "{35B13D13-A7A7-4644-BE76-01DE496915F5}"
EndProject
Project("{FAE04EC0-301F-11D3-BF4B-00C04F79EFBC}") = "WebApi.WebApiService", "WebApi.WebApiService\WebApi.WebApiService.csproj", "{29259CD8-E06F-452F-BE1D-F2762A76A5E2}"
EndProject
Project("{FAE04EC0-301F-11D3-BF4B-00C04F79EFBC}") = "WebApi.DataBase.Oracle.EnterpriseLibrary", "WebApi.DataBase.Oracle.EnterpriseLibrary\WebApi.DataBase.Oracle.EnterpriseLibrary.csproj", "{AB1BB87F-DC33-471D-944F-0111AF713717}"
EndProject
Global
	GlobalSection(SolutionConfigurationPlatforms) = preSolution
		Debug|Any CPU = Debug|Any CPU
		Debug|Mixed Platforms = Debug|Mixed Platforms
		Debug|x86 = Debug|x86
		Release|Any CPU = Release|Any CPU
		Release|Mixed Platforms = Release|Mixed Platforms
		Release|x86 = Release|x86
	EndGlobalSection
	GlobalSection(ProjectConfigurationPlatforms) = postSolution
		{9BD6C0B0-B741-4121-B342-2BFFCE8E5A7F}.Debug|Any CPU.ActiveCfg = Debug|x86
		{9BD6C0B0-B741-4121-B342-2BFFCE8E5A7F}.Debug|Mixed Platforms.ActiveCfg = Debug|x86
		{9BD6C0B0-B741-4121-B342-2BFFCE8E5A7F}.Debug|Mixed Platforms.Build.0 = Debug|x86
		{9BD6C0B0-B741-4121-B342-2BFFCE8E5A7F}.Debug|x86.ActiveCfg = Debug|x86
		{9BD6C0B0-B741-4121-B342-2BFFCE8E5A7F}.Debug|x86.Build.0 = Debug|x86
		{9BD6C0B0-B741-4121-B342-2BFFCE8E5A7F}.Release|Any CPU.ActiveCfg = Release|x86
		{9BD6C0B0-B741-4121-B342-2BFFCE8E5A7F}.Release|Mixed Platforms.ActiveCfg = Release|x86
		{9BD6C0B0-B741-4121-B342-2BFFCE8E5A7F}.Release|Mixed Platforms.Build.0 = Release|x86
		{9BD6C0B0-B741-4121-B342-2BFFCE8E5A7F}.Release|x86.ActiveCfg = Release|x86
		{9BD6C0B0-B741-4121-B342-2BFFCE8E5A7F}.Release|x86.Build.0 = Release|x86
		{8D9822EF-6347-49A1-9715-701B11CD47B2}.Debug|Any CPU.ActiveCfg = Debug|Any CPU
		{8D9822EF-6347-49A1-9715-701B11CD47B2}.Debug|Any CPU.Build.0 = Debug|Any CPU
		{8D9822EF-6347-49A1-9715-701B11CD47B2}.Debug|Mixed Platforms.ActiveCfg = Debug|Any CPU
		{8D9822EF-6347-49A1-9715-701B11CD47B2}.Debug|Mixed Platforms.Build.0 = Debug|Any CPU
		{8D9822EF-6347-49A1-9715-701B11CD47B2}.Debug|x86.ActiveCfg = Debug|Any CPU
		{8D9822EF-6347-49A1-9715-701B11CD47B2}.Release|Any CPU.ActiveCfg = Release|Any CPU
		{8D9822EF-6347-49A1-9715-701B11CD47B2}.Release|Any CPU.Build.0 = Release|Any CPU
		{8D9822EF-6347-49A1-9715-701B11CD47B2}.Release|Mixed Platforms.ActiveCfg = Release|Any CPU
		{8D9822EF-6347-49A1-9715-701B11CD47B2}.Release|Mixed Platforms.Build.0 = Release|Any CPU
		{8D9822EF-6347-49A1-9715-701B11CD47B2}.Release|x86.ActiveCfg = Release|Any CPU
		{35B13D13-A7A7-4644-BE76-01DE496915F5}.Debug|Any CPU.ActiveCfg = Debug|Any CPU
		{35B13D13-A7A7-4644-BE76-01DE496915F5}.Debug|Any CPU.Build.0 = Debug|Any CPU
		{35B13D13-A7A7-4644-BE76-01DE496915F5}.Debug|Mixed Platforms.ActiveCfg = Debug|Any CPU
		{35B13D13-A7A7-4644-BE76-01DE496915F5}.Debug|Mixed Platforms.Build.0 = Debug|Any CPU
		{35B13D13-A7A7-4644-BE76-01DE496915F5}.Debug|x86.ActiveCfg = Debug|Any CPU
		{35B13D13-A7A7-4644-BE76-01DE496915F5}.Release|Any CPU.ActiveCfg = Release|Any CPU
		{35B13D13-A7A7-4644-BE76-01DE496915F5}.Release|Any CPU.Build.0 = Release|Any CPU
		{35B13D13-A7A7-4644-BE76-01DE496915F5}.Release|Mixed Platforms.ActiveCfg = Release|Any CPU
		{35B13D13-A7A7-4644-BE76-01DE496915F5}.Release|Mixed Platforms.Build.0 = Release|Any CPU
		{35B13D13-A7A7-4644-BE76-01DE496915F5}.Release|x86.ActiveCfg = Release|Any CPU
		{29259CD8-E06F-452F-BE1D-F2762A76A5E2}.Debug|Any CPU.ActiveCfg = Debug|Any CPU
		{29259CD8-E06F-452F-BE1D-F2762A76A5E2}.Debug|Any CPU.Build.0 = Debug|Any CPU
		{29259CD8-E06F-452F-BE1D-F2762A76A5E2}.Debug|Mixed Platforms.ActiveCfg = Debug|Any CPU
		{29259CD8-E06F-452F-BE1D-F2762A76A5E2}.Debug|Mixed Platforms.Build.0 = Debug|Any CPU
		{29259CD8-E06F-452F-BE1D-F2762A76A5E2}.Debug|x86.ActiveCfg = Debug|Any CPU
		{29259CD8-E06F-452F-BE1D-F2762A76A5E2}.Release|Any CPU.ActiveCfg = Release|Any CPU
		{29259CD8-E06F-452F-BE1D-F2762A76A5E2}.Release|Any CPU.Build.0 = Release|Any CPU
		{29259CD8-E06F-452F-BE1D-F2762A76A5E2}.Release|Mixed Platforms.ActiveCfg = Release|Any CPU
		{29259CD8-E06F-452F-BE1D-F2762A76A5E2}.Release|Mixed Platforms.Build.0 = Release|Any CPU
		{29259CD8-E06F-452F-BE1D-F2762A76A5E2}.Release|x86.ActiveCfg = Release|Any CPU
		{AB1BB87F-DC33-471D-944F-0111AF713717}.Debug|Any CPU.ActiveCfg = Debug|Any CPU
		{AB1BB87F-DC33-471D-944F-0111AF713717}.Debug|Any CPU.Build.0 = Debug|Any CPU
		{AB1BB87F-DC33-471D-944F-0111AF713717}.Debug|Mixed Platforms.ActiveCfg = Debug|Any CPU
		{AB1BB87F-DC33-471D-944F-0111AF713717}.Debug|Mixed Platforms.Build.0 = Debug|Any CPU
		{AB1BB87F-DC33-471D-944F-0111AF713717}.Debug|x86.ActiveCfg = Debug|Any CPU
		{AB1BB87F-DC33-471D-944F-0111AF713717}.Release|Any CPU.ActiveCfg = Release|Any CPU
		{AB1BB87F-DC33-471D-944F-0111AF713717}.Release|Any CPU.Build.0 = Release|Any CPU
		{AB1BB87F-DC33-471D-944F-0111AF713717}.Release|Mixed Platforms.ActiveCfg = Release|Any CPU
		{AB1BB87F-DC33-471D-944F-0111AF713717}.Release|Mixed Platforms.Build.0 = Release|Any CPU
		{AB1BB87F-DC33-471D-944F-0111AF713717}.Release|x86.ActiveCfg = Release|Any CPU
	EndGlobalSection
	GlobalSection(SolutionProperties) = preSolution
		HideSolutionNode = FALSE
	EndGlobalSection
	GlobalSection(NestedProjects) = preSolution
		{8D9822EF-6347-49A1-9715-701B11CD47B2} = {B0EF5880-F816-4EBF-9FAA-DA6F0DEBFD3A}
		{A5F753C8-2F24-4D27-8BC6-D09E960F850E} = {51FA70E6-AB63-47E1-85E7-7E366EB255CD}
		{5454CAEF-EECD-4410-AC2D-1DD6B3DD6A9E} = {A5F753C8-2F24-4D27-8BC6-D09E960F850E}
		{35B13D13-A7A7-4644-BE76-01DE496915F5} = {46603814-8B40-4065-A717-01ACB733E596}
		{AB1BB87F-DC33-471D-944F-0111AF713717} = {B0EF5880-F816-4EBF-9FAA-DA6F0DEBFD3A}
	EndGlobalSection
EndGlobal
